{
  "version": 4,
  "terraform_version": "1.4.6",
  "serial": 4448,
  "lineage": "25dac9e1-bbc1-cf40-90c2-d7de9ada347c",
  "outputs": {},
  "resources": [
    {
      "mode": "data",
      "type": "aws_ami",
      "name": "tf-nifi-vendor-ami-latest",
      "provider": "provider[\"registry.terraform.io/hashicorp/aws\"]",
      "instances": [
        {
          "schema_version": 0,
          "attributes": {
            "architecture": "x86_64",
            "arn": "arn:aws:ec2:us-east-1::image/ami-0d4c664d2c7345cf1",
            "block_device_mappings": [
              {
                "device_name": "/dev/sda1",
                "ebs": {
                  "delete_on_termination": "true",
                  "encrypted": "false",
                  "iops": "0",
                  "snapshot_id": "snap-0c8fee01f6e7db291",
                  "throughput": "0",
                  "volume_size": "8",
                  "volume_type": "gp2"
                },
                "no_device": "",
                "virtual_name": ""
              },
              {
                "device_name": "/dev/sdb",
                "ebs": {},
                "no_device": "",
                "virtual_name": "ephemeral0"
              },
              {
                "device_name": "/dev/sdc",
                "ebs": {},
                "no_device": "",
                "virtual_name": "ephemeral1"
              }
            ],
            "boot_mode": "",
            "creation_date": "2022-01-10T22:15:04.000Z",
            "deprecation_time": "2024-01-10T22:15:04.000Z",
            "description": "Canonical, Ubuntu, 20.04 LTS, amd64 focal image build on 2022-01-10",
            "ena_support": true,
            "executable_users": null,
            "filter": [
              {
                "name": "architecture",
                "values": [
                  "arm64",
                  "x86_64"
                ]
              },
              {
                "name": "name",
                "values": [
                  "ubuntu/images/hvm-ssd/ubuntu-focal-20.04-amd64-server-20220110"
                ]
              },
              {
                "name": "root-device-type",
                "values": [
                  "ebs"
                ]
              },
              {
                "name": "virtualization-type",
                "values": [
                  "hvm"
                ]
              }
            ],
            "hypervisor": "xen",
            "id": "ami-0d4c664d2c7345cf1",
            "image_id": "ami-0d4c664d2c7345cf1",
            "image_location": "amazon/ubuntu/images/hvm-ssd/ubuntu-focal-20.04-amd64-server-20220110",
            "image_owner_alias": "amazon",
            "image_type": "machine",
            "imds_support": "",
            "include_deprecated": false,
            "kernel_id": "",
            "most_recent": true,
            "name": "ubuntu/images/hvm-ssd/ubuntu-focal-20.04-amd64-server-20220110",
            "name_regex": null,
            "owner_id": "099720109477",
            "owners": [
              "099720109477"
            ],
            "platform": "",
            "platform_details": "Linux/UNIX",
            "product_codes": [],
            "public": true,
            "ramdisk_id": "",
            "root_device_name": "/dev/sda1",
            "root_device_type": "ebs",
            "root_snapshot_id": "snap-0c8fee01f6e7db291",
            "sriov_net_support": "simple",
            "state": "available",
            "state_reason": {
              "code": "UNSET",
              "message": "UNSET"
            },
            "tags": {},
            "timeouts": null,
            "tpm_support": "",
            "usage_operation": "RunInstances",
            "virtualization_type": "hvm"
          },
          "sensitive_attributes": []
        }
      ]
    },
    {
      "mode": "data",
      "type": "aws_availability_zones",
      "name": "tf-nifi-azs",
      "provider": "provider[\"registry.terraform.io/hashicorp/aws\"]",
      "instances": [
        {
          "schema_version": 0,
          "attributes": {
            "all_availability_zones": null,
            "exclude_names": null,
            "exclude_zone_ids": null,
            "filter": null,
            "group_names": [
              "us-east-1"
            ],
            "id": "us-east-1",
            "names": [
              "us-east-1a",
              "us-east-1b",
              "us-east-1c",
              "us-east-1d",
              "us-east-1e",
              "us-east-1f"
            ],
            "state": "available",
            "timeouts": null,
            "zone_ids": [
              "use1-az4",
              "use1-az6",
              "use1-az1",
              "use1-az2",
              "use1-az3",
              "use1-az5"
            ]
          },
          "sensitive_attributes": []
        }
      ]
    },
    {
      "mode": "data",
      "type": "aws_caller_identity",
      "name": "tf-nifi-aws-account",
      "provider": "provider[\"registry.terraform.io/hashicorp/aws\"]",
      "instances": [
        {
          "schema_version": 0,
          "attributes": {
            "account_id": "120676070830",
            "arn": "arn:aws:iam::120676070830:user/Administrator",
            "id": "120676070830",
            "user_id": "AIDARYGG2WWXB4G5WFLME"
          },
          "sensitive_attributes": []
        }
      ]
    },
    {
      "mode": "data",
      "type": "aws_iam_policy",
      "name": "tf-nifi-instance-policy-ssm",
      "provider": "provider[\"registry.terraform.io/hashicorp/aws\"]",
      "instances": [
        {
          "schema_version": 0,
          "attributes": {
            "arn": "arn:aws:iam::aws:policy/AmazonSSMManagedInstanceCore",
            "description": "The policy for Amazon EC2 Role to enable AWS Systems Manager service core functionality.",
            "id": "arn:aws:iam::aws:policy/AmazonSSMManagedInstanceCore",
            "name": "AmazonSSMManagedInstanceCore",
            "path": "/",
            "path_prefix": null,
            "policy": "{\n    \"Version\": \"2012-10-17\",\n    \"Statement\": [\n        {\n            \"Effect\": \"Allow\",\n            \"Action\": [\n                \"ssm:DescribeAssociation\",\n                \"ssm:GetDeployablePatchSnapshotForInstance\",\n                \"ssm:GetDocument\",\n                \"ssm:DescribeDocument\",\n                \"ssm:GetManifest\",\n                \"ssm:GetParameter\",\n                \"ssm:GetParameters\",\n                \"ssm:ListAssociations\",\n                \"ssm:ListInstanceAssociations\",\n                \"ssm:PutInventory\",\n                \"ssm:PutComplianceItems\",\n                \"ssm:PutConfigurePackageResult\",\n                \"ssm:UpdateAssociationStatus\",\n                \"ssm:UpdateInstanceAssociationStatus\",\n                \"ssm:UpdateInstanceInformation\"\n            ],\n            \"Resource\": \"*\"\n        },\n        {\n            \"Effect\": \"Allow\",\n            \"Action\": [\n                \"ssmmessages:CreateControlChannel\",\n                \"ssmmessages:CreateDataChannel\",\n                \"ssmmessages:OpenControlChannel\",\n                \"ssmmessages:OpenDataChannel\"\n            ],\n            \"Resource\": \"*\"\n        },\n        {\n            \"Effect\": \"Allow\",\n            \"Action\": [\n                \"ec2messages:AcknowledgeMessage\",\n                \"ec2messages:DeleteMessage\",\n                \"ec2messages:FailMessage\",\n                \"ec2messages:GetEndpoint\",\n                \"ec2messages:GetMessages\",\n                \"ec2messages:SendReply\"\n            ],\n            \"Resource\": \"*\"\n        }\n    ]\n}",
            "policy_id": "ANPAIXSHM2BNB2D3AXXRU",
            "tags": {}
          },
          "sensitive_attributes": []
        }
      ]
    },
    {
      "mode": "data",
      "type": "aws_iam_user",
      "name": "tf-nifi-kmsmanager",
      "provider": "provider[\"registry.terraform.io/hashicorp/aws\"]",
      "instances": [
        {
          "schema_version": 0,
          "attributes": {
            "arn": "arn:aws:iam::120676070830:user/Administrator",
            "id": "AIDARYGG2WWXB4G5WFLME",
            "path": "/",
            "permissions_boundary": "",
            "tags": {
              "AKIARYGG2WWXNSRFIAWA": "key"
            },
            "user_id": "AIDARYGG2WWXB4G5WFLME",
            "user_name": "Administrator"
          },
          "sensitive_attributes": []
        }
      ]
    },
    {
      "mode": "data",
      "type": "aws_partition",
      "name": "tf-nifi-aws-partition",
      "provider": "provider[\"registry.terraform.io/hashicorp/aws\"]",
      "instances": [
        {
          "schema_version": 0,
          "attributes": {
            "dns_suffix": "amazonaws.com",
            "id": "aws",
            "partition": "aws",
            "reverse_dns_prefix": "com.amazonaws"
          },
          "sensitive_attributes": []
        }
      ]
    },
    {
      "mode": "data",
      "type": "template_file",
      "name": "user_data_nr",
      "provider": "provider[\"registry.terraform.io/hashicorp/template\"]",
      "instances": [
        {
          "schema_version": 0,
          "attributes": {
            "filename": null,
            "id": "c63a1a484b0fc3e9a5aad91b40bfc2422254e2810fb53166a4267bbc3e4572fa",
            "rendered": "#!/bin/bash\n# set fqdn\nhostnamectl set-hostname $(hostname).nifipjnax.internal\n",
            "template": "#!/bin/bash\n# set fqdn\nhostnamectl set-hostname $(hostname).nifipjnax.internal\n",
            "vars": null
          },
          "sensitive_attributes": []
        }
      ]
    },
    {
      "mode": "managed",
      "type": "aws_autoscaling_group",
      "name": "tf-nifi-nr-autoscalegroup",
      "provider": "provider[\"registry.terraform.io/hashicorp/aws\"]",
      "instances": [
        {
          "schema_version": 0,
          "attributes": {
            "arn": "arn:aws:autoscaling:us-east-1:120676070830:autoScalingGroup:fe7864c8-ce7b-4db4-8f0b-3f3c6b4b6b62:autoScalingGroupName/nifi-nr-asg-pjnax-20230611204805491300000018",
            "availability_zones": [
              "us-east-1a",
              "us-east-1b"
            ],
            "capacity_rebalance": false,
            "context": "",
            "default_cooldown": 300,
            "default_instance_warmup": 0,
            "desired_capacity": 1,
            "desired_capacity_type": "",
            "enabled_metrics": [],
            "force_delete": false,
            "force_delete_warm_pool": false,
            "health_check_grace_period": 1800,
            "health_check_type": "EC2",
            "id": "nifi-nr-asg-pjnax-20230611204805491300000018",
            "initial_lifecycle_hook": [],
            "instance_refresh": [],
            "launch_configuration": "",
            "launch_template": [
              {
                "id": "lt-04a8ac6db316010a1",
                "name": "nifi-nr-lctemp-pjnax-20230611204753289800000011",
                "version": "$Latest"
              }
            ],
            "load_balancers": [],
            "max_instance_lifetime": 0,
            "max_size": 1,
            "metrics_granularity": "1Minute",
            "min_elb_capacity": null,
            "min_size": 1,
            "mixed_instances_policy": [],
            "name": "nifi-nr-asg-pjnax-20230611204805491300000018",
            "name_prefix": "nifi-nr-asg-pjnax-",
            "placement_group": "",
            "predicted_capacity": 0,
            "protect_from_scale_in": false,
            "service_linked_role_arn": "arn:aws:iam::120676070830:role/aws-service-role/autoscaling.amazonaws.com/AWSServiceRoleForAutoScaling_nifipjnax",
            "suspended_processes": [],
            "tag": [
              {
                "key": "Cluster",
                "propagate_at_launch": true,
                "value": "nifi_pjnax"
              },
              {
                "key": "Name",
                "propagate_at_launch": true,
                "value": "registry.nifipjnax.internal"
              }
            ],
            "target_group_arns": [
              "arn:aws:elasticloadbalancing:us-east-1:120676070830:targetgroup/nifi-tcp-17070-pjnax/d4926c502929a299",
              "arn:aws:elasticloadbalancing:us-east-1:120676070830:targetgroup/nifi-tcp-9092-pjnax/4ec63336b905508e"
            ],
            "termination_policies": [
              "ClosestToNextInstanceHour"
            ],
            "timeouts": null,
            "traffic_source": [
              {
                "identifier": "arn:aws:elasticloadbalancing:us-east-1:120676070830:targetgroup/nifi-tcp-17070-pjnax/d4926c502929a299",
                "type": "elbv2"
              },
              {
                "identifier": "arn:aws:elasticloadbalancing:us-east-1:120676070830:targetgroup/nifi-tcp-9092-pjnax/4ec63336b905508e",
                "type": "elbv2"
              }
            ],
            "vpc_zone_identifier": [
              "subnet-0486ee38640736480",
              "subnet-0746df874debc74d2"
            ],
            "wait_for_capacity_timeout": "10m",
            "wait_for_elb_capacity": null,
            "warm_pool": [],
            "warm_pool_size": 0
          },
          "sensitive_attributes": [],
          "private": "eyJlMmJmYjczMC1lY2FhLTExZTYtOGY4OC0zNDM2M2JjN2M0YzAiOnsiZGVsZXRlIjo2MDAwMDAwMDAwMDAsInVwZGF0ZSI6NjAwMDAwMDAwMDAwfX0=",
          "dependencies": [
            "aws_cloudwatch_log_group.tf-nifi-cloudwatch-log-group-ec2",
            "aws_iam_instance_profile.tf-nifi-instance-profile",
            "aws_iam_policy.tf-nifi-instance-policy-s3",
            "aws_iam_role.tf-nifi-iam-role-lambda-health",
            "aws_iam_role.tf-nifi-instance-iam-role",
            "aws_iam_role_policy_attachment.tf-nifi-iam-attach-s3",
            "aws_iam_role_policy_attachment.tf-nifi-iam-attach-ssm",
            "aws_iam_service_linked_role.tf-nifi-autoscale-slr",
            "aws_key_pair.tf-nifi-instance-key",
            "aws_kms_key.tf-nifi-kmscmk-cloudwatch",
            "aws_kms_key.tf-nifi-kmscmk-s3",
            "aws_launch_template.tf-nifi-nr-launchtemplate",
            "aws_lb_target_group.tf-nifi-service-target-tcp",
            "aws_lb_target_group.tf-nifi-service-target-tcpudp",
            "aws_lb_target_group.tf-nifi-service-target-udp",
            "aws_s3_bucket.tf-nifi-bucket",
            "aws_security_group.tf-nifi-prisg",
            "aws_subnet.tf-nifi-prinet1",
            "aws_subnet.tf-nifi-prinet2",
            "aws_vpc.tf-nifi-vpc",
            "data.aws_ami.tf-nifi-vendor-ami-latest",
            "data.aws_availability_zones.tf-nifi-azs",
            "data.aws_caller_identity.tf-nifi-aws-account",
            "data.aws_iam_policy.tf-nifi-instance-policy-ssm",
            "data.aws_iam_user.tf-nifi-kmsmanager",
            "data.aws_partition.tf-nifi-aws-partition",
            "data.template_file.user_data_nr",
            "random_string.tf-nifi-random"
          ],
          "create_before_destroy": true
        }
      ]
    },
    {
      "mode": "managed",
      "type": "aws_autoscaling_group",
      "name": "tf-nifi-zk1-autoscalegroup",
      "provider": "provider[\"registry.terraform.io/hashicorp/aws\"]",
      "instances": [
        {
          "schema_version": 0,
          "attributes": {
            "arn": "arn:aws:autoscaling:us-east-1:120676070830:autoScalingGroup:64e5e650-030f-40d3-944f-b6de462b295a:autoScalingGroupName/nifi-zk1asg-pjnax-2023061120482731270000001b",
            "availability_zones": [
              "us-east-1a",
              "us-east-1b"
            ],
            "capacity_rebalance": false,
            "context": "",
            "default_cooldown": 300,
            "default_instance_warmup": 0,
            "desired_capacity": 1,
            "desired_capacity_type": "",
            "enabled_metrics": [],
            "force_delete": false,
            "force_delete_warm_pool": false,
            "health_check_grace_period": 1800,
            "health_check_type": "EC2",
            "id": "nifi-zk1asg-pjnax-2023061120482731270000001b",
            "initial_lifecycle_hook": [],
            "instance_refresh": [],
            "launch_configuration": "nifi-zk1lconf-pjnax-2023061120475093600000000f",
            "launch_template": [],
            "load_balancers": [],
            "max_instance_lifetime": 0,
            "max_size": 1,
            "metrics_granularity": "1Minute",
            "min_elb_capacity": null,
            "min_size": 1,
            "mixed_instances_policy": [],
            "name": "nifi-zk1asg-pjnax-2023061120482731270000001b",
            "name_prefix": "nifi-zk1asg-pjnax-",
            "placement_group": "",
            "predicted_capacity": 0,
            "protect_from_scale_in": false,
            "service_linked_role_arn": "arn:aws:iam::120676070830:role/aws-service-role/autoscaling.amazonaws.com/AWSServiceRoleForAutoScaling_nifipjnax",
            "suspended_processes": [],
            "tag": [
              {
                "key": "Cluster",
                "propagate_at_launch": true,
                "value": "nifi_pjnax"
              },
              {
                "key": "Name",
                "propagate_at_launch": true,
                "value": "zk1.nifipjnax.internal"
              }
            ],
            "target_group_arns": [
              "arn:aws:elasticloadbalancing:us-east-1:120676070830:targetgroup/nifi-mgmt-2170-pjnax/513238c01cee3f4d",
              "arn:aws:elasticloadbalancing:us-east-1:120676070830:targetgroup/nifi-tcp-17070-pjnax/d4926c502929a299",
              "arn:aws:elasticloadbalancing:us-east-1:120676070830:targetgroup/nifi-tcp-9092-pjnax/4ec63336b905508e",
              "arn:aws:elasticloadbalancing:us-east-1:120676070830:targetgroup/nifi-zk-2170-pjnax/46f1806631cad8af"
            ],
            "termination_policies": [
              "ClosestToNextInstanceHour"
            ],
            "timeouts": null,
            "traffic_source": [
              {
                "identifier": "arn:aws:elasticloadbalancing:us-east-1:120676070830:targetgroup/nifi-mgmt-2170-pjnax/513238c01cee3f4d",
                "type": "elbv2"
              },
              {
                "identifier": "arn:aws:elasticloadbalancing:us-east-1:120676070830:targetgroup/nifi-tcp-17070-pjnax/d4926c502929a299",
                "type": "elbv2"
              },
              {
                "identifier": "arn:aws:elasticloadbalancing:us-east-1:120676070830:targetgroup/nifi-tcp-9092-pjnax/4ec63336b905508e",
                "type": "elbv2"
              },
              {
                "identifier": "arn:aws:elasticloadbalancing:us-east-1:120676070830:targetgroup/nifi-zk-2170-pjnax/46f1806631cad8af",
                "type": "elbv2"
              }
            ],
            "vpc_zone_identifier": [
              "subnet-0486ee38640736480",
              "subnet-0746df874debc74d2"
            ],
            "wait_for_capacity_timeout": "10m",
            "wait_for_elb_capacity": null,
            "warm_pool": [],
            "warm_pool_size": 0
          },
          "sensitive_attributes": [],
          "private": "eyJlMmJmYjczMC1lY2FhLTExZTYtOGY4OC0zNDM2M2JjN2M0YzAiOnsiZGVsZXRlIjo2MDAwMDAwMDAwMDAsInVwZGF0ZSI6NjAwMDAwMDAwMDAwfX0=",
          "dependencies": [
            "aws_cloudwatch_log_group.tf-nifi-cloudwatch-log-group-ec2",
            "aws_iam_instance_profile.tf-nifi-instance-profile",
            "aws_iam_policy.tf-nifi-instance-policy-route53",
            "aws_iam_policy.tf-nifi-instance-policy-s3",
            "aws_iam_role.tf-nifi-iam-role-lambda-health",
            "aws_iam_role.tf-nifi-instance-iam-role",
            "aws_iam_role_policy_attachment.tf-nifi-iam-attach-s3",
            "aws_iam_role_policy_attachment.tf-nifi-iam-attach-ssm",
            "aws_iam_service_linked_role.tf-nifi-autoscale-slr",
            "aws_key_pair.tf-nifi-instance-key",
            "aws_kms_key.tf-nifi-kmscmk-cloudwatch",
            "aws_kms_key.tf-nifi-kmscmk-s3",
            "aws_launch_configuration.tf-nifi-zk1-launchconf",
            "aws_lb_target_group.tf-nifi-mgmt-target-tcp",
            "aws_lb_target_group.tf-nifi-service-target-tcp",
            "aws_lb_target_group.tf-nifi-service-target-tcpudp",
            "aws_lb_target_group.tf-nifi-service-target-udp",
            "aws_lb_target_group.tf-nifi-zk-target-tcp",
            "aws_route53_zone.tf-nifi-r53-zone",
            "aws_s3_bucket.tf-nifi-bucket",
            "aws_security_group.tf-nifi-prisg",
            "aws_subnet.tf-nifi-prinet1",
            "aws_subnet.tf-nifi-prinet2",
            "aws_vpc.tf-nifi-vpc",
            "data.aws_ami.tf-nifi-vendor-ami-latest",
            "data.aws_availability_zones.tf-nifi-azs",
            "data.aws_caller_identity.tf-nifi-aws-account",
            "data.aws_iam_policy.tf-nifi-instance-policy-ssm",
            "data.aws_iam_user.tf-nifi-kmsmanager",
            "data.aws_partition.tf-nifi-aws-partition",
            "random_string.tf-nifi-random"
          ],
          "create_before_destroy": true
        }
      ]
    },
    {
      "mode": "managed",
      "type": "aws_autoscaling_group",
      "name": "tf-nifi-zk2-autoscalegroup",
      "provider": "provider[\"registry.terraform.io/hashicorp/aws\"]",
      "instances": [
        {
          "schema_version": 0,
          "attributes": {
            "arn": "arn:aws:autoscaling:us-east-1:120676070830:autoScalingGroup:ef7f960c-771c-4b7c-b43d-e61f9e4c1ba8:autoScalingGroupName/nifi-zk2asg-pjnax-2023061120482731270000001c",
            "availability_zones": [
              "us-east-1b",
              "us-east-1c"
            ],
            "capacity_rebalance": false,
            "context": "",
            "default_cooldown": 300,
            "default_instance_warmup": 0,
            "desired_capacity": 1,
            "desired_capacity_type": "",
            "enabled_metrics": [],
            "force_delete": false,
            "force_delete_warm_pool": false,
            "health_check_grace_period": 1800,
            "health_check_type": "EC2",
            "id": "nifi-zk2asg-pjnax-2023061120482731270000001c",
            "initial_lifecycle_hook": [],
            "instance_refresh": [],
            "launch_configuration": "nifi-zk2lconf-pjnax-20230611204754004400000013",
            "launch_template": [],
            "load_balancers": [],
            "max_instance_lifetime": 0,
            "max_size": 1,
            "metrics_granularity": "1Minute",
            "min_elb_capacity": null,
            "min_size": 1,
            "mixed_instances_policy": [],
            "name": "nifi-zk2asg-pjnax-2023061120482731270000001c",
            "name_prefix": "nifi-zk2asg-pjnax-",
            "placement_group": "",
            "predicted_capacity": 0,
            "protect_from_scale_in": false,
            "service_linked_role_arn": "arn:aws:iam::120676070830:role/aws-service-role/autoscaling.amazonaws.com/AWSServiceRoleForAutoScaling_nifipjnax",
            "suspended_processes": [],
            "tag": [
              {
                "key": "Cluster",
                "propagate_at_launch": true,
                "value": "nifi_pjnax"
              },
              {
                "key": "Name",
                "propagate_at_launch": true,
                "value": "zk2.nifipjnax.internal"
              }
            ],
            "target_group_arns": [
              "arn:aws:elasticloadbalancing:us-east-1:120676070830:targetgroup/nifi-mgmt-2170-pjnax/513238c01cee3f4d",
              "arn:aws:elasticloadbalancing:us-east-1:120676070830:targetgroup/nifi-tcp-17070-pjnax/d4926c502929a299",
              "arn:aws:elasticloadbalancing:us-east-1:120676070830:targetgroup/nifi-tcp-9092-pjnax/4ec63336b905508e",
              "arn:aws:elasticloadbalancing:us-east-1:120676070830:targetgroup/nifi-zk-2170-pjnax/46f1806631cad8af"
            ],
            "termination_policies": [
              "ClosestToNextInstanceHour"
            ],
            "timeouts": null,
            "traffic_source": [
              {
                "identifier": "arn:aws:elasticloadbalancing:us-east-1:120676070830:targetgroup/nifi-mgmt-2170-pjnax/513238c01cee3f4d",
                "type": "elbv2"
              },
              {
                "identifier": "arn:aws:elasticloadbalancing:us-east-1:120676070830:targetgroup/nifi-tcp-17070-pjnax/d4926c502929a299",
                "type": "elbv2"
              },
              {
                "identifier": "arn:aws:elasticloadbalancing:us-east-1:120676070830:targetgroup/nifi-tcp-9092-pjnax/4ec63336b905508e",
                "type": "elbv2"
              },
              {
                "identifier": "arn:aws:elasticloadbalancing:us-east-1:120676070830:targetgroup/nifi-zk-2170-pjnax/46f1806631cad8af",
                "type": "elbv2"
              }
            ],
            "vpc_zone_identifier": [
              "subnet-033ca9ac15c0bd994",
              "subnet-0746df874debc74d2"
            ],
            "wait_for_capacity_timeout": "10m",
            "wait_for_elb_capacity": null,
            "warm_pool": [],
            "warm_pool_size": 0
          },
          "sensitive_attributes": [],
          "private": "eyJlMmJmYjczMC1lY2FhLTExZTYtOGY4OC0zNDM2M2JjN2M0YzAiOnsiZGVsZXRlIjo2MDAwMDAwMDAwMDAsInVwZGF0ZSI6NjAwMDAwMDAwMDAwfX0=",
          "dependencies": [
            "aws_cloudwatch_log_group.tf-nifi-cloudwatch-log-group-ec2",
            "aws_iam_instance_profile.tf-nifi-instance-profile",
            "aws_iam_policy.tf-nifi-instance-policy-route53",
            "aws_iam_policy.tf-nifi-instance-policy-s3",
            "aws_iam_role.tf-nifi-iam-role-lambda-health",
            "aws_iam_role.tf-nifi-instance-iam-role",
            "aws_iam_role_policy_attachment.tf-nifi-iam-attach-s3",
            "aws_iam_role_policy_attachment.tf-nifi-iam-attach-ssm",
            "aws_iam_service_linked_role.tf-nifi-autoscale-slr",
            "aws_key_pair.tf-nifi-instance-key",
            "aws_kms_key.tf-nifi-kmscmk-cloudwatch",
            "aws_kms_key.tf-nifi-kmscmk-s3",
            "aws_launch_configuration.tf-nifi-zk2-launchconf",
            "aws_lb_target_group.tf-nifi-mgmt-target-tcp",
            "aws_lb_target_group.tf-nifi-service-target-tcp",
            "aws_lb_target_group.tf-nifi-service-target-tcpudp",
            "aws_lb_target_group.tf-nifi-service-target-udp",
            "aws_lb_target_group.tf-nifi-zk-target-tcp",
            "aws_route53_zone.tf-nifi-r53-zone",
            "aws_s3_bucket.tf-nifi-bucket",
            "aws_security_group.tf-nifi-prisg",
            "aws_subnet.tf-nifi-prinet2",
            "aws_subnet.tf-nifi-prinet3",
            "aws_vpc.tf-nifi-vpc",
            "data.aws_ami.tf-nifi-vendor-ami-latest",
            "data.aws_availability_zones.tf-nifi-azs",
            "data.aws_caller_identity.tf-nifi-aws-account",
            "data.aws_iam_policy.tf-nifi-instance-policy-ssm",
            "data.aws_iam_user.tf-nifi-kmsmanager",
            "data.aws_partition.tf-nifi-aws-partition",
            "random_string.tf-nifi-random"
          ],
          "create_before_destroy": true
        }
      ]
    },
    {
      "mode": "managed",
      "type": "aws_autoscaling_group",
      "name": "tf-nifi-zk3-autoscalegroup",
      "provider": "provider[\"registry.terraform.io/hashicorp/aws\"]",
      "instances": [
        {
          "schema_version": 0,
          "attributes": {
            "arn": "arn:aws:autoscaling:us-east-1:120676070830:autoScalingGroup:0c953c9f-d49f-4592-b2db-710972896f71:autoScalingGroupName/nifi-zk3asg-pjnax-2023061120482731270000001a",
            "availability_zones": [
              "us-east-1a",
              "us-east-1c"
            ],
            "capacity_rebalance": false,
            "context": "",
            "default_cooldown": 300,
            "default_instance_warmup": 0,
            "desired_capacity": 1,
            "desired_capacity_type": "",
            "enabled_metrics": [],
            "force_delete": false,
            "force_delete_warm_pool": false,
            "health_check_grace_period": 1800,
            "health_check_type": "EC2",
            "id": "nifi-zk3asg-pjnax-2023061120482731270000001a",
            "initial_lifecycle_hook": [],
            "instance_refresh": [],
            "launch_configuration": "nifi-zk3lconf-pjnax-20230611204752569400000010",
            "launch_template": [],
            "load_balancers": [],
            "max_instance_lifetime": 0,
            "max_size": 1,
            "metrics_granularity": "1Minute",
            "min_elb_capacity": null,
            "min_size": 1,
            "mixed_instances_policy": [],
            "name": "nifi-zk3asg-pjnax-2023061120482731270000001a",
            "name_prefix": "nifi-zk3asg-pjnax-",
            "placement_group": "",
            "predicted_capacity": 0,
            "protect_from_scale_in": false,
            "service_linked_role_arn": "arn:aws:iam::120676070830:role/aws-service-role/autoscaling.amazonaws.com/AWSServiceRoleForAutoScaling_nifipjnax",
            "suspended_processes": [],
            "tag": [
              {
                "key": "Cluster",
                "propagate_at_launch": true,
                "value": "nifi_pjnax"
              },
              {
                "key": "Name",
                "propagate_at_launch": true,
                "value": "zk3.nifipjnax.internal"
              }
            ],
            "target_group_arns": [
              "arn:aws:elasticloadbalancing:us-east-1:120676070830:targetgroup/nifi-mgmt-2170-pjnax/513238c01cee3f4d",
              "arn:aws:elasticloadbalancing:us-east-1:120676070830:targetgroup/nifi-tcp-17070-pjnax/d4926c502929a299",
              "arn:aws:elasticloadbalancing:us-east-1:120676070830:targetgroup/nifi-tcp-9092-pjnax/4ec63336b905508e",
              "arn:aws:elasticloadbalancing:us-east-1:120676070830:targetgroup/nifi-zk-2170-pjnax/46f1806631cad8af"
            ],
            "termination_policies": [
              "ClosestToNextInstanceHour"
            ],
            "timeouts": null,
            "traffic_source": [
              {
                "identifier": "arn:aws:elasticloadbalancing:us-east-1:120676070830:targetgroup/nifi-mgmt-2170-pjnax/513238c01cee3f4d",
                "type": "elbv2"
              },
              {
                "identifier": "arn:aws:elasticloadbalancing:us-east-1:120676070830:targetgroup/nifi-tcp-17070-pjnax/d4926c502929a299",
                "type": "elbv2"
              },
              {
                "identifier": "arn:aws:elasticloadbalancing:us-east-1:120676070830:targetgroup/nifi-tcp-9092-pjnax/4ec63336b905508e",
                "type": "elbv2"
              },
              {
                "identifier": "arn:aws:elasticloadbalancing:us-east-1:120676070830:targetgroup/nifi-zk-2170-pjnax/46f1806631cad8af",
                "type": "elbv2"
              }
            ],
            "vpc_zone_identifier": [
              "subnet-033ca9ac15c0bd994",
              "subnet-0486ee38640736480"
            ],
            "wait_for_capacity_timeout": "10m",
            "wait_for_elb_capacity": null,
            "warm_pool": [],
            "warm_pool_size": 0
          },
          "sensitive_attributes": [],
          "private": "eyJlMmJmYjczMC1lY2FhLTExZTYtOGY4OC0zNDM2M2JjN2M0YzAiOnsiZGVsZXRlIjo2MDAwMDAwMDAwMDAsInVwZGF0ZSI6NjAwMDAwMDAwMDAwfX0=",
          "dependencies": [
            "aws_cloudwatch_log_group.tf-nifi-cloudwatch-log-group-ec2",
            "aws_iam_instance_profile.tf-nifi-instance-profile",
            "aws_iam_policy.tf-nifi-instance-policy-route53",
            "aws_iam_policy.tf-nifi-instance-policy-s3",
            "aws_iam_role.tf-nifi-iam-role-lambda-health",
            "aws_iam_role.tf-nifi-instance-iam-role",
            "aws_iam_role_policy_attachment.tf-nifi-iam-attach-s3",
            "aws_iam_role_policy_attachment.tf-nifi-iam-attach-ssm",
            "aws_iam_service_linked_role.tf-nifi-autoscale-slr",
            "aws_key_pair.tf-nifi-instance-key",
            "aws_kms_key.tf-nifi-kmscmk-cloudwatch",
            "aws_kms_key.tf-nifi-kmscmk-s3",
            "aws_launch_configuration.tf-nifi-zk3-launchconf",
            "aws_lb_target_group.tf-nifi-mgmt-target-tcp",
            "aws_lb_target_group.tf-nifi-service-target-tcp",
            "aws_lb_target_group.tf-nifi-service-target-tcpudp",
            "aws_lb_target_group.tf-nifi-service-target-udp",
            "aws_lb_target_group.tf-nifi-zk-target-tcp",
            "aws_route53_zone.tf-nifi-r53-zone",
            "aws_s3_bucket.tf-nifi-bucket",
            "aws_security_group.tf-nifi-prisg",
            "aws_subnet.tf-nifi-prinet1",
            "aws_subnet.tf-nifi-prinet3",
            "aws_vpc.tf-nifi-vpc",
            "data.aws_ami.tf-nifi-vendor-ami-latest",
            "data.aws_availability_zones.tf-nifi-azs",
            "data.aws_caller_identity.tf-nifi-aws-account",
            "data.aws_iam_policy.tf-nifi-instance-policy-ssm",
            "data.aws_iam_user.tf-nifi-kmsmanager",
            "data.aws_partition.tf-nifi-aws-partition",
            "random_string.tf-nifi-random"
          ],
          "create_before_destroy": true
        }
      ]
    },
    {
      "mode": "managed",
      "type": "aws_cloudwatch_log_group",
      "name": "tf-nifi-cloudwatch-log-group-ec2",
      "provider": "provider[\"registry.terraform.io/hashicorp/aws\"]",
      "instances": [
        {
          "schema_version": 0,
          "attributes": {
            "arn": "arn:aws:logs:us-east-1:120676070830:log-group:/aws/ec2/nifi_pjnax",
            "id": "/aws/ec2/nifi_pjnax",
            "kms_key_id": "arn:aws:kms:us-east-1:120676070830:key/f8d271d5-05bb-4a9b-a372-b8e8ad76413d",
            "name": "/aws/ec2/nifi_pjnax",
            "name_prefix": "",
            "retention_in_days": 30,
            "skip_destroy": false,
            "tags": {
              "Name": "/aws/ec2/nifi_pjnax"
            },
            "tags_all": {
              "Name": "/aws/ec2/nifi_pjnax",
              "data_center": "eu-west-3",
              "environment": "prod",
              "location": "france",
              "project": "datalake",
              "role_owner": "datalake_devops_corp"
            }
          },
          "sensitive_attributes": [],
          "private": "bnVsbA==",
          "dependencies": [
            "aws_iam_role.tf-nifi-iam-role-lambda-health",
            "aws_kms_key.tf-nifi-kmscmk-cloudwatch",
            "data.aws_caller_identity.tf-nifi-aws-account",
            "data.aws_iam_user.tf-nifi-kmsmanager",
            "data.aws_partition.tf-nifi-aws-partition",
            "random_string.tf-nifi-random"
          ],
          "create_before_destroy": true
        }
      ]
    },
    {
      "mode": "managed",
      "type": "aws_iam_instance_profile",
      "name": "tf-nifi-instance-profile",
      "provider": "provider[\"registry.terraform.io/hashicorp/aws\"]",
      "instances": [
        {
          "schema_version": 0,
          "attributes": {
            "arn": "arn:aws:iam::120676070830:instance-profile/nifi-instance-profile-pjnax",
            "create_date": "2023-06-11T20:47:24Z",
            "id": "nifi-instance-profile-pjnax",
            "name": "nifi-instance-profile-pjnax",
            "name_prefix": "",
            "path": "/",
            "role": "nifi-instance-role-pjnax",
            "tags": {},
            "tags_all": {
              "data_center": "eu-west-3",
              "environment": "prod",
              "location": "france",
              "project": "datalake",
              "role_owner": "datalake_devops_corp"
            },
            "unique_id": "AIPARYGG2WWXB4LBLY5SN"
          },
          "sensitive_attributes": [],
          "private": "bnVsbA==",
          "dependencies": [
            "aws_iam_role.tf-nifi-instance-iam-role",
            "random_string.tf-nifi-random"
          ],
          "create_before_destroy": true
        }
      ]
    },
    {
      "mode": "managed",
      "type": "aws_iam_policy",
      "name": "tf-nifi-instance-policy-route53",
      "provider": "provider[\"registry.terraform.io/hashicorp/aws\"]",
      "instances": [
        {
          "schema_version": 0,
          "attributes": {
            "arn": "arn:aws:iam::120676070830:policy/nifi-instance-policy-route53-pjnax",
            "description": "Provides tf-nifi instances update route53 records",
            "id": "arn:aws:iam::120676070830:policy/nifi-instance-policy-route53-pjnax",
            "name": "nifi-instance-policy-route53-pjnax",
            "name_prefix": "",
            "path": "/",
            "policy": "{\"Statement\":[{\"Action\":[\"route53:ChangeResourceRecordSets\"],\"Effect\":\"Allow\",\"Resource\":[\"arn:aws:route53:::hostedzone/Z02666492213KP2S0BW1C\"],\"Sid\":\"UpdateRoute53\"},{\"Action\":[\"route53:ListHostedZonesByName\",\"route53:ListHostedZones\",\"route53:ListResourceRecordSets\"],\"Effect\":\"Allow\",\"Resource\":[\"*\"],\"Sid\":\"ListRoute53\"}],\"Version\":\"2012-10-17\"}",
            "policy_id": "ANPARYGG2WWXKFQB6OEU7",
            "tags": {},
            "tags_all": {
              "data_center": "eu-west-3",
              "environment": "prod",
              "location": "france",
              "project": "datalake",
              "role_owner": "datalake_devops_corp"
            }
          },
          "sensitive_attributes": [],
          "private": "bnVsbA==",
          "dependencies": [
            "aws_route53_zone.tf-nifi-r53-zone",
            "aws_vpc.tf-nifi-vpc",
            "data.aws_partition.tf-nifi-aws-partition",
            "random_string.tf-nifi-random"
          ],
          "create_before_destroy": true
        }
      ]
    },
    {
      "mode": "managed",
      "type": "aws_iam_policy",
      "name": "tf-nifi-instance-policy-s3",
      "provider": "provider[\"registry.terraform.io/hashicorp/aws\"]",
      "instances": [
        {
          "schema_version": 0,
          "attributes": {
            "arn": "arn:aws:iam::120676070830:policy/nifi-instance-policy-s3-pjnax",
            "description": "Provides tf-nifi instances access to endpoint, s3 objects/bucket",
            "id": "arn:aws:iam::120676070830:policy/nifi-instance-policy-s3-pjnax",
            "name": "nifi-instance-policy-s3-pjnax",
            "name_prefix": "",
            "path": "/",
            "policy": "{\"Statement\":[{\"Action\":[\"s3:ListBucket\",\"s3:ListBucketMultipartUploads\",\"s3:ListMultipartUploadParts\"],\"Effect\":\"Allow\",\"Resource\":[\"arn:aws:s3:::nifi-bucket-pjnax\"],\"Sid\":\"ListObjectsinBucket\"},{\"Action\":[\"s3:GetObject\",\"s3:GetObjectVersion\"],\"Effect\":\"Allow\",\"Resource\":[\"arn:aws:s3:::nifi-bucket-pjnax/*\"],\"Sid\":\"GetObjectsinBucketPrefix\"},{\"Action\":[\"s3:PutObject\",\"s3:PutObjectAcl\"],\"Effect\":\"Allow\",\"Resource\":[\"arn:aws:s3:::nifi-bucket-pjnax/nifi/*\",\"arn:aws:s3:::nifi-bucket-pjnax/ssm/*\"],\"Sid\":\"PutObjectsinBucketPrefix\"},{\"Action\":[\"kms:Encrypt\",\"kms:ReEncrypt*\",\"kms:GenerateDataKey*\",\"kms:DescribeKey\"],\"Effect\":\"Allow\",\"Resource\":[\"arn:aws:kms:us-east-1:120676070830:key/0fe16f9b-1855-4c56-a568-b47888445abf\"],\"Sid\":\"S3CMK\"},{\"Action\":[\"cloudwatch:PutMetricData\",\"ec2:DescribeVolumes\",\"ec2:DescribeTags\",\"logs:PutLogEvents\",\"logs:DescribeLogStreams\",\"logs:DescribeLogGroups\",\"logs:CreateLogStream\",\"logs:CreateLogGroup\"],\"Effect\":\"Allow\",\"Resource\":\"*\"}],\"Version\":\"2012-10-17\"}",
            "policy_id": "ANPARYGG2WWXKG7KMRTDX",
            "tags": {},
            "tags_all": {
              "data_center": "eu-west-3",
              "environment": "prod",
              "location": "france",
              "project": "datalake",
              "role_owner": "datalake_devops_corp"
            }
          },
          "sensitive_attributes": [],
          "private": "bnVsbA==",
          "dependencies": [
            "aws_iam_role.tf-nifi-instance-iam-role",
            "aws_kms_key.tf-nifi-kmscmk-s3",
            "aws_s3_bucket.tf-nifi-bucket",
            "data.aws_caller_identity.tf-nifi-aws-account",
            "data.aws_iam_user.tf-nifi-kmsmanager",
            "data.aws_partition.tf-nifi-aws-partition",
            "random_string.tf-nifi-random"
          ],
          "create_before_destroy": true
        }
      ]
    },
    {
      "mode": "managed",
      "type": "aws_iam_role",
      "name": "tf-nifi-iam-role-lambda-health",
      "provider": "provider[\"registry.terraform.io/hashicorp/aws\"]",
      "instances": [
        {
          "schema_version": 0,
          "attributes": {
            "arn": "arn:aws:iam::120676070830:role/nifi-iam-role-lambda-health-pjnax",
            "assume_role_policy": "{\"Statement\":[{\"Action\":\"sts:AssumeRole\",\"Effect\":\"Allow\",\"Principal\":{\"Service\":\"lambda.amazonaws.com\"},\"Sid\":\"\"}],\"Version\":\"2012-10-17\"}",
            "create_date": "2023-06-11T20:47:23Z",
            "description": "",
            "force_detach_policies": false,
            "id": "nifi-iam-role-lambda-health-pjnax",
            "inline_policy": [],
            "managed_policy_arns": [
              "arn:aws:iam::120676070830:policy/nifi-iam-policy-lambda-health-pjnax",
              "arn:aws:iam::aws:policy/AmazonSSMFullAccess",
              "arn:aws:iam::aws:policy/service-role/AWSLambdaVPCAccessExecutionRole"
            ],
            "max_session_duration": 3600,
            "name": "nifi-iam-role-lambda-health-pjnax",
            "name_prefix": "",
            "path": "/",
            "permissions_boundary": null,
            "tags": {},
            "tags_all": {
              "data_center": "eu-west-3",
              "environment": "prod",
              "location": "france",
              "project": "datalake",
              "role_owner": "datalake_devops_corp"
            },
            "unique_id": "AROARYGG2WWXHI3ZMIZL3"
          },
          "sensitive_attributes": [],
          "private": "bnVsbA==",
          "dependencies": [
            "random_string.tf-nifi-random"
          ],
          "create_before_destroy": true
        }
      ]
    },
    {
      "mode": "managed",
      "type": "aws_iam_role",
      "name": "tf-nifi-instance-iam-role",
      "provider": "provider[\"registry.terraform.io/hashicorp/aws\"]",
      "instances": [
        {
          "schema_version": 0,
          "attributes": {
            "arn": "arn:aws:iam::120676070830:role/nifi-instance-role-pjnax",
            "assume_role_policy": "{\"Statement\":[{\"Action\":\"sts:AssumeRole\",\"Effect\":\"Allow\",\"Principal\":{\"Service\":\"ec2.amazonaws.com\"},\"Sid\":\"\"}],\"Version\":\"2012-10-17\"}",
            "create_date": "2023-06-11T20:47:23Z",
            "description": "",
            "force_detach_policies": false,
            "id": "nifi-instance-role-pjnax",
            "inline_policy": [],
            "managed_policy_arns": [
              "arn:aws:iam::120676070830:policy/nifi-instance-policy-lifecycle-pjnax",
              "arn:aws:iam::120676070830:policy/nifi-instance-policy-route53-pjnax",
              "arn:aws:iam::120676070830:policy/nifi-instance-policy-s3-pjnax",
              "arn:aws:iam::aws:policy/AmazonSSMManagedInstanceCore"
            ],
            "max_session_duration": 3600,
            "name": "nifi-instance-role-pjnax",
            "name_prefix": "",
            "path": "/",
            "permissions_boundary": null,
            "tags": {},
            "tags_all": {
              "data_center": "eu-west-3",
              "environment": "prod",
              "location": "france",
              "project": "datalake",
              "role_owner": "datalake_devops_corp"
            },
            "unique_id": "AROARYGG2WWXD7TUOGCEY"
          },
          "sensitive_attributes": [],
          "private": "bnVsbA==",
          "dependencies": [
            "random_string.tf-nifi-random"
          ],
          "create_before_destroy": true
        }
      ]
    },
    {
      "mode": "managed",
      "type": "aws_iam_role_policy_attachment",
      "name": "tf-nifi-iam-attach-s3",
      "provider": "provider[\"registry.terraform.io/hashicorp/aws\"]",
      "instances": [
        {
          "schema_version": 0,
          "attributes": {
            "id": "nifi-instance-role-pjnax-20230611204804805500000015",
            "policy_arn": "arn:aws:iam::120676070830:policy/nifi-instance-policy-s3-pjnax",
            "role": "nifi-instance-role-pjnax"
          },
          "sensitive_attributes": [],
          "private": "bnVsbA==",
          "dependencies": [
            "aws_iam_policy.tf-nifi-instance-policy-s3",
            "aws_iam_role.tf-nifi-instance-iam-role",
            "aws_kms_key.tf-nifi-kmscmk-s3",
            "aws_s3_bucket.tf-nifi-bucket",
            "data.aws_caller_identity.tf-nifi-aws-account",
            "data.aws_iam_user.tf-nifi-kmsmanager",
            "data.aws_partition.tf-nifi-aws-partition",
            "random_string.tf-nifi-random"
          ],
          "create_before_destroy": true
        }
      ]
    },
    {
      "mode": "managed",
      "type": "aws_iam_role_policy_attachment",
      "name": "tf-nifi-iam-attach-ssm",
      "provider": "provider[\"registry.terraform.io/hashicorp/aws\"]",
      "instances": [
        {
          "schema_version": 0,
          "attributes": {
            "id": "nifi-instance-role-pjnax-20230611204724999300000003",
            "policy_arn": "arn:aws:iam::aws:policy/AmazonSSMManagedInstanceCore",
            "role": "nifi-instance-role-pjnax"
          },
          "sensitive_attributes": [],
          "private": "bnVsbA==",
          "dependencies": [
            "aws_iam_role.tf-nifi-instance-iam-role",
            "data.aws_iam_policy.tf-nifi-instance-policy-ssm",
            "data.aws_partition.tf-nifi-aws-partition",
            "random_string.tf-nifi-random"
          ],
          "create_before_destroy": true
        }
      ]
    },
    {
      "mode": "managed",
      "type": "aws_iam_service_linked_role",
      "name": "tf-nifi-autoscale-slr",
      "provider": "provider[\"registry.terraform.io/hashicorp/aws\"]",
      "instances": [
        {
          "schema_version": 0,
          "attributes": {
            "arn": "arn:aws:iam::120676070830:role/aws-service-role/autoscaling.amazonaws.com/AWSServiceRoleForAutoScaling_nifipjnax",
            "aws_service_name": "autoscaling.amazonaws.com",
            "create_date": "2023-06-11T20:47:23Z",
            "custom_suffix": "nifipjnax",
            "description": "",
            "id": "arn:aws:iam::120676070830:role/aws-service-role/autoscaling.amazonaws.com/AWSServiceRoleForAutoScaling_nifipjnax",
            "name": "AWSServiceRoleForAutoScaling_nifipjnax",
            "path": "/aws-service-role/autoscaling.amazonaws.com/",
            "tags": {},
            "tags_all": {
              "data_center": "eu-west-3",
              "environment": "prod",
              "location": "france",
              "project": "datalake",
              "role_owner": "datalake_devops_corp"
            },
            "unique_id": "AROARYGG2WWXJHVJH3A36"
          },
          "sensitive_attributes": [],
          "private": "bnVsbA==",
          "dependencies": [
            "random_string.tf-nifi-random"
          ],
          "create_before_destroy": true
        }
      ]
    },
    {
      "mode": "managed",
      "type": "aws_key_pair",
      "name": "tf-nifi-instance-key",
      "provider": "provider[\"registry.terraform.io/hashicorp/aws\"]",
      "instances": [
        {
          "schema_version": 1,
          "attributes": {
            "arn": "arn:aws:ec2:us-east-1:120676070830:key-pair/nifi-instance-key-pjnax",
            "fingerprint": "6d:4d:e5:eb:c4:44:d9:17:1a:b9:97:3e:b8:23:dd:4b",
            "id": "nifi-instance-key-pjnax",
            "key_name": "nifi-instance-key-pjnax",
            "key_name_prefix": "",
            "key_pair_id": "key-0f2a758d63eb8e254",
            "key_type": "rsa",
            "public_key": "ssh-rsa AAAAB3NzaC1yc2EAAAADAQABAAABAQCNsxnMWfrG3SoLr4uJMavf43YkM5wCbdO7X5uBvRU8oh1W+A/Nd/jie2tc3UpwDZwS3w6MAfnu8B1gE9lzcgTu1FFf0us5zIWYR/mSoOFKlTiaI7Uaqkc+YzmVw/fy1iFxDDeaZfoc0vuQvPr+LsxUL5UY4ko4tynCSp7zgVpot/OppqdHl5J+DYhNubm8ess6cugTustUZoDmJdo2ANQENeBUNkBPXUnMO1iulfNb6GnwWJ0Z5TRRLGSu1gya2wMLeo1rBJFcb6ZgVLMVHiKgwBy/svUQreR8R+fpVW+Q4rx6RSAltLROUONn0SF2BvvJUueqxpAIaA2rU4MSI69P",
            "tags": {
              "Name": "nifi-instance-key-pjnax"
            },
            "tags_all": {
              "Name": "nifi-instance-key-pjnax",
              "data_center": "eu-west-3",
              "environment": "prod",
              "location": "france",
              "project": "datalake",
              "role_owner": "datalake_devops_corp"
            }
          },
          "sensitive_attributes": [],
          "private": "eyJzY2hlbWFfdmVyc2lvbiI6IjEifQ==",
          "dependencies": [
            "random_string.tf-nifi-random"
          ],
          "create_before_destroy": true
        }
      ]
    },
    {
      "mode": "managed",
      "type": "aws_kms_key",
      "name": "tf-nifi-kmscmk-cloudwatch",
      "provider": "provider[\"registry.terraform.io/hashicorp/aws\"]",
      "instances": [
        {
          "schema_version": 0,
          "attributes": {
            "arn": "arn:aws:kms:us-east-1:120676070830:key/f8d271d5-05bb-4a9b-a372-b8e8ad76413d",
            "bypass_policy_lockout_safety_check": false,
            "custom_key_store_id": "",
            "customer_master_key_spec": "SYMMETRIC_DEFAULT",
            "deletion_window_in_days": null,
            "description": "Key for tf-nifi cloudwatch",
            "enable_key_rotation": true,
            "id": "f8d271d5-05bb-4a9b-a372-b8e8ad76413d",
            "is_enabled": true,
            "key_id": "f8d271d5-05bb-4a9b-a372-b8e8ad76413d",
            "key_usage": "ENCRYPT_DECRYPT",
            "multi_region": false,
            "policy": "{\"Id\":\"tf-nifi-kmskeypolicy-cloudwatch\",\"Statement\":[{\"Action\":\"kms:*\",\"Effect\":\"Allow\",\"Principal\":{\"AWS\":\"arn:aws:iam::120676070830:user/Administrator\"},\"Resource\":\"*\",\"Sid\":\"Enable IAM User Permissions\"},{\"Action\":[\"kms:Encrypt\",\"kms:Decrypt\",\"kms:ReEncrypt*\",\"kms:GenerateDataKey*\",\"kms:DescribeKey\"],\"Condition\":{\"ArnEquals\":{\"kms:EncryptionContext:aws:logs:arn\":[\"arn:aws:logs:us-east-1:120676070830:log-group:/aws/ec2/nifi_pjnax\",\"arn:aws:logs:us-east-1:120676070830:log-group:/aws/lambda/nifi-lambda-getnifi-pjnax\",\"arn:aws:logs:us-east-1:120676070830:log-group:/aws/lambda/nifi-lambda-health-pjnax\",\"arn:aws:logs:us-east-1:120676070830:log-group:/aws/lambda/nifi-lambda-scaledown-pjnax\",\"arn:aws:logs:us-east-1:120676070830:log-group:/aws/lambda/nifi-ecs-zookeepers-pjnax\",\"arn:aws:logs:us-east-1:120676070830:log-group:/aws/codebuild/nifi-codebuild-pjnax\",\"arn:aws:logs:us-east-1:120676070830:log-group:/aws/lambda/nifi-lambda-certs-pjnax\"]}},\"Effect\":\"Allow\",\"Principal\":{\"Service\":\"logs.us-east-1.amazonaws.com\"},\"Resource\":\"*\",\"Sid\":\"Allow access through cloudwatch\"},{\"Action\":[\"kms:Encrypt\",\"kms:ReEncrypt*\",\"kms:GenerateDataKey*\",\"kms:DescribeKey\"],\"Condition\":{\"StringEquals\":{\"kms:CallerAccount\":\"120676070830\",\"kms:ViaService\":\"lambda.us-east-1.amazonaws.com\"}},\"Effect\":\"Allow\",\"Principal\":{\"AWS\":\"arn:aws:iam::120676070830:role/nifi-iam-role-lambda-health-pjnax\"},\"Resource\":\"*\",\"Sid\":\"Allow access through Lambda\"}],\"Version\":\"2012-10-17\"}",
            "tags": {
              "Name": "nifi-kms-cloudwatch-pjnax"
            },
            "tags_all": {
              "Name": "nifi-kms-cloudwatch-pjnax",
              "data_center": "eu-west-3",
              "environment": "prod",
              "location": "france",
              "project": "datalake",
              "role_owner": "datalake_devops_corp"
            }
          },
          "sensitive_attributes": [],
          "private": "bnVsbA==",
          "dependencies": [
            "aws_iam_role.tf-nifi-iam-role-lambda-health",
            "data.aws_caller_identity.tf-nifi-aws-account",
            "data.aws_iam_user.tf-nifi-kmsmanager",
            "data.aws_partition.tf-nifi-aws-partition",
            "random_string.tf-nifi-random"
          ],
          "create_before_destroy": true
        }
      ]
    },
    {
      "mode": "managed",
      "type": "aws_kms_key",
      "name": "tf-nifi-kmscmk-s3",
      "provider": "provider[\"registry.terraform.io/hashicorp/aws\"]",
      "instances": [
        {
          "schema_version": 0,
          "attributes": {
            "arn": "arn:aws:kms:us-east-1:120676070830:key/0fe16f9b-1855-4c56-a568-b47888445abf",
            "bypass_policy_lockout_safety_check": false,
            "custom_key_store_id": "",
            "customer_master_key_spec": "SYMMETRIC_DEFAULT",
            "deletion_window_in_days": null,
            "description": "Key for tf-nifi s3",
            "enable_key_rotation": true,
            "id": "0fe16f9b-1855-4c56-a568-b47888445abf",
            "is_enabled": true,
            "key_id": "0fe16f9b-1855-4c56-a568-b47888445abf",
            "key_usage": "ENCRYPT_DECRYPT",
            "multi_region": false,
            "policy": "{\"Id\":\"tf-nifi-kmskeypolicy-s3\",\"Statement\":[{\"Action\":\"kms:*\",\"Effect\":\"Allow\",\"Principal\":{\"AWS\":\"arn:aws:iam::120676070830:user/Administrator\"},\"Resource\":\"*\",\"Sid\":\"Enable IAM User Permissions\"},{\"Action\":[\"kms:Encrypt\",\"kms:ReEncrypt*\",\"kms:GenerateDataKey*\",\"kms:DescribeKey\"],\"Condition\":{\"StringEquals\":{\"kms:CallerAccount\":\"120676070830\",\"kms:ViaService\":\"ec2.us-east-1.amazonaws.com\"}},\"Effect\":\"Allow\",\"Principal\":{\"AWS\":\"arn:aws:iam::120676070830:role/nifi-instance-role-pjnax\"},\"Resource\":\"*\",\"Sid\":\"Allow EC2 Encrypt\"},{\"Action\":[\"kms:Encrypt\",\"kms:Decrypt\",\"kms:ReEncrypt*\",\"kms:GenerateDataKey*\",\"kms:DescribeKey\"],\"Condition\":{\"StringEquals\":{\"kms:CallerAccount\":\"120676070830\"}},\"Effect\":\"Allow\",\"Principal\":{\"AWS\":\"arn:aws:sts::120676070830:assumed-role/nifi-iam-role-lambda-getnifi-pjnax/nifi-lambda-getnifi-pjnax\"},\"Resource\":\"*\",\"Sid\":\"Allow Lambda getnifi\"},{\"Action\":[\"kms:Encrypt\",\"kms:Decrypt\",\"kms:ReEncrypt*\",\"kms:GenerateDataKey*\",\"kms:DescribeKey\"],\"Condition\":{\"StringEquals\":{\"kms:CallerAccount\":\"120676070830\"}},\"Effect\":\"Allow\",\"Principal\":{\"AWS\":\"arn:aws:sts::120676070830:assumed-role/nifi-iam-role-lambda-certs-pjnax/nifi-lambda-certs-pjnax\"},\"Resource\":\"*\",\"Sid\":\"Allow Lambda certs\"},{\"Action\":[\"kms:Encrypt\",\"kms:Decrypt\",\"kms:ReEncrypt*\",\"kms:GenerateDataKey*\",\"kms:DescribeKey\"],\"Condition\":{\"StringEquals\":{\"kms:CallerAccount\":\"120676070830\"}},\"Effect\":\"Allow\",\"Principal\":{\"AWS\":\"arn:aws:sts::120676070830:assumed-role/nifi-iam-role-lambda-health-pjnax/nifi-lambda-health-pjnax\"},\"Resource\":\"*\",\"Sid\":\"Allow Lambda health\"},{\"Action\":[\"kms:Encrypt\",\"kms:Decrypt\",\"kms:ReEncrypt*\",\"kms:GenerateDataKey*\",\"kms:DescribeKey\"],\"Condition\":{\"StringEquals\":{\"kms:CallerAccount\":\"120676070830\",\"kms:ViaService\":\"s3.us-east-1.amazonaws.com\"}},\"Effect\":\"Allow\",\"Principal\":{\"AWS\":\"arn:aws:iam::120676070830:role/nifi-instance-role-pjnax\"},\"Resource\":\"*\",\"Sid\":\"Allow access through S3\"}],\"Version\":\"2012-10-17\"}",
            "tags": {
              "Name": "nifi-kmscmk-s3-pjnax"
            },
            "tags_all": {
              "Name": "nifi-kmscmk-s3-pjnax",
              "data_center": "eu-west-3",
              "environment": "prod",
              "location": "france",
              "project": "datalake",
              "role_owner": "datalake_devops_corp"
            }
          },
          "sensitive_attributes": [],
          "private": "bnVsbA==",
          "dependencies": [
            "aws_iam_role.tf-nifi-instance-iam-role",
            "data.aws_caller_identity.tf-nifi-aws-account",
            "data.aws_iam_user.tf-nifi-kmsmanager",
            "data.aws_partition.tf-nifi-aws-partition",
            "random_string.tf-nifi-random"
          ],
          "create_before_destroy": true
        }
      ]
    },
    {
      "mode": "managed",
      "type": "aws_launch_configuration",
      "name": "tf-nifi-zk1-launchconf",
      "provider": "provider[\"registry.terraform.io/hashicorp/aws\"]",
      "instances": [
        {
          "schema_version": 0,
          "attributes": {
            "arn": "arn:aws:autoscaling:us-east-1:120676070830:launchConfiguration:6f32d22c-7441-4ed2-902d-955c766d0107:launchConfigurationName/nifi-zk1lconf-pjnax-2023061120475093600000000f",
            "associate_public_ip_address": false,
            "ebs_block_device": [],
            "ebs_optimized": false,
            "enable_monitoring": true,
            "ephemeral_block_device": [],
            "iam_instance_profile": "nifi-instance-profile-pjnax",
            "id": "nifi-zk1lconf-pjnax-2023061120475093600000000f",
            "image_id": "ami-0d4c664d2c7345cf1",
            "instance_type": "r5.large",
            "key_name": "nifi-instance-key-pjnax",
            "metadata_options": [],
            "name": "nifi-zk1lconf-pjnax-2023061120475093600000000f",
            "name_prefix": "nifi-zk1lconf-pjnax-",
            "placement_tenancy": "",
            "root_block_device": [
              {
                "delete_on_termination": true,
                "encrypted": true,
                "iops": 0,
                "throughput": 0,
                "volume_size": 50,
                "volume_type": "standard"
              }
            ],
            "security_groups": [
              "sg-0b54dabeb4de89861"
            ],
            "spot_price": "",
            "user_data": "7282a394d70fc07f8577e3f28606b1bb5b6c8ed8",
            "user_data_base64": null
          },
          "sensitive_attributes": [],
          "private": "bnVsbA==",
          "dependencies": [
            "aws_iam_instance_profile.tf-nifi-instance-profile",
            "aws_iam_role.tf-nifi-instance-iam-role",
            "aws_key_pair.tf-nifi-instance-key",
            "aws_security_group.tf-nifi-prisg",
            "aws_vpc.tf-nifi-vpc",
            "data.aws_ami.tf-nifi-vendor-ami-latest",
            "random_string.tf-nifi-random"
          ],
          "create_before_destroy": true
        }
      ]
    },
    {
      "mode": "managed",
      "type": "aws_launch_configuration",
      "name": "tf-nifi-zk2-launchconf",
      "provider": "provider[\"registry.terraform.io/hashicorp/aws\"]",
      "instances": [
        {
          "schema_version": 0,
          "attributes": {
            "arn": "arn:aws:autoscaling:us-east-1:120676070830:launchConfiguration:704601b4-72c3-4cb5-9c31-0b608de9bc55:launchConfigurationName/nifi-zk2lconf-pjnax-20230611204754004400000013",
            "associate_public_ip_address": false,
            "ebs_block_device": [],
            "ebs_optimized": false,
            "enable_monitoring": true,
            "ephemeral_block_device": [],
            "iam_instance_profile": "nifi-instance-profile-pjnax",
            "id": "nifi-zk2lconf-pjnax-20230611204754004400000013",
            "image_id": "ami-0d4c664d2c7345cf1",
            "instance_type": "r5.large",
            "key_name": "nifi-instance-key-pjnax",
            "metadata_options": [],
            "name": "nifi-zk2lconf-pjnax-20230611204754004400000013",
            "name_prefix": "nifi-zk2lconf-pjnax-",
            "placement_tenancy": "",
            "root_block_device": [
              {
                "delete_on_termination": true,
                "encrypted": true,
                "iops": 0,
                "throughput": 0,
                "volume_size": 50,
                "volume_type": "standard"
              }
            ],
            "security_groups": [
              "sg-0b54dabeb4de89861"
            ],
            "spot_price": "",
            "user_data": "c59e0104fa8b08962a3aacb89ef3ec02c21b16de",
            "user_data_base64": null
          },
          "sensitive_attributes": [],
          "private": "bnVsbA==",
          "dependencies": [
            "aws_iam_instance_profile.tf-nifi-instance-profile",
            "aws_iam_role.tf-nifi-instance-iam-role",
            "aws_key_pair.tf-nifi-instance-key",
            "aws_security_group.tf-nifi-prisg",
            "aws_vpc.tf-nifi-vpc",
            "data.aws_ami.tf-nifi-vendor-ami-latest",
            "random_string.tf-nifi-random"
          ],
          "create_before_destroy": true
        }
      ]
    },
    {
      "mode": "managed",
      "type": "aws_launch_configuration",
      "name": "tf-nifi-zk3-launchconf",
      "provider": "provider[\"registry.terraform.io/hashicorp/aws\"]",
      "instances": [
        {
          "schema_version": 0,
          "attributes": {
            "arn": "arn:aws:autoscaling:us-east-1:120676070830:launchConfiguration:bd8a78e6-04ef-4736-963a-fc5086c6e513:launchConfigurationName/nifi-zk3lconf-pjnax-20230611204752569400000010",
            "associate_public_ip_address": false,
            "ebs_block_device": [],
            "ebs_optimized": false,
            "enable_monitoring": true,
            "ephemeral_block_device": [],
            "iam_instance_profile": "nifi-instance-profile-pjnax",
            "id": "nifi-zk3lconf-pjnax-20230611204752569400000010",
            "image_id": "ami-0d4c664d2c7345cf1",
            "instance_type": "r5.large",
            "key_name": "nifi-instance-key-pjnax",
            "metadata_options": [],
            "name": "nifi-zk3lconf-pjnax-20230611204752569400000010",
            "name_prefix": "nifi-zk3lconf-pjnax-",
            "placement_tenancy": "",
            "root_block_device": [
              {
                "delete_on_termination": true,
                "encrypted": true,
                "iops": 0,
                "throughput": 0,
                "volume_size": 50,
                "volume_type": "standard"
              }
            ],
            "security_groups": [
              "sg-0b54dabeb4de89861"
            ],
            "spot_price": "",
            "user_data": "973edbac7c3275d17e3b3237ca4f16f025948065",
            "user_data_base64": null
          },
          "sensitive_attributes": [],
          "private": "bnVsbA==",
          "dependencies": [
            "aws_iam_instance_profile.tf-nifi-instance-profile",
            "aws_iam_role.tf-nifi-instance-iam-role",
            "aws_key_pair.tf-nifi-instance-key",
            "aws_security_group.tf-nifi-prisg",
            "aws_vpc.tf-nifi-vpc",
            "data.aws_ami.tf-nifi-vendor-ami-latest",
            "random_string.tf-nifi-random"
          ],
          "create_before_destroy": true
        }
      ]
    },
    {
      "mode": "managed",
      "type": "aws_launch_template",
      "name": "tf-nifi-nr-launchtemplate",
      "provider": "provider[\"registry.terraform.io/hashicorp/aws\"]",
      "instances": [
        {
          "schema_version": 0,
          "attributes": {
            "arn": "arn:aws:ec2:us-east-1:120676070830:launch-template/lt-04a8ac6db316010a1",
            "block_device_mappings": [
              {
                "device_name": "/dev/sdf",
                "ebs": [
                  {
                    "delete_on_termination": "",
                    "encrypted": "true",
                    "iops": 0,
                    "kms_key_id": "",
                    "snapshot_id": "",
                    "throughput": 0,
                    "volume_size": 50,
                    "volume_type": "gp3"
                  }
                ],
                "no_device": "",
                "virtual_name": ""
              }
            ],
            "capacity_reservation_specification": [],
            "cpu_options": [],
            "credit_specification": [],
            "default_version": 1,
            "description": "",
            "disable_api_stop": false,
            "disable_api_termination": false,
            "ebs_optimized": "",
            "elastic_gpu_specifications": [],
            "elastic_inference_accelerator": [],
            "enclave_options": [],
            "hibernation_options": [],
            "iam_instance_profile": [
              {
                "arn": "",
                "name": "nifi-instance-profile-pjnax"
              }
            ],
            "id": "lt-04a8ac6db316010a1",
            "image_id": "ami-0d4c664d2c7345cf1",
            "instance_initiated_shutdown_behavior": "",
            "instance_market_options": [],
            "instance_requirements": [],
            "instance_type": "t2.large",
            "kernel_id": "",
            "key_name": "nifi-instance-key-pjnax",
            "latest_version": 1,
            "license_specification": [],
            "maintenance_options": [],
            "metadata_options": [],
            "monitoring": [],
            "name": "nifi-nr-lctemp-pjnax-20230611204753289800000011",
            "name_prefix": "nifi-nr-lctemp-pjnax-",
            "network_interfaces": [],
            "placement": [],
            "private_dns_name_options": [],
            "ram_disk_id": "",
            "security_group_names": [],
            "tag_specifications": [],
            "tags": {},
            "tags_all": {
              "data_center": "eu-west-3",
              "environment": "prod",
              "location": "france",
              "project": "datalake",
              "role_owner": "datalake_devops_corp"
            },
            "update_default_version": null,
            "user_data": "IyEvYmluL2Jhc2gKIyBzZXQgZnFkbgpob3N0bmFtZWN0bCBzZXQtaG9zdG5hbWUgJChob3N0bmFtZSkubmlmaXBqbmF4LmludGVybmFsCg==",
            "vpc_security_group_ids": [
              "sg-0b54dabeb4de89861"
            ]
          },
          "sensitive_attributes": [],
          "private": "bnVsbA==",
          "dependencies": [
            "aws_iam_instance_profile.tf-nifi-instance-profile",
            "aws_iam_role.tf-nifi-instance-iam-role",
            "aws_key_pair.tf-nifi-instance-key",
            "aws_security_group.tf-nifi-prisg",
            "aws_vpc.tf-nifi-vpc",
            "data.aws_ami.tf-nifi-vendor-ami-latest",
            "data.template_file.user_data_nr",
            "random_string.tf-nifi-random"
          ],
          "create_before_destroy": true
        }
      ]
    },
    {
      "mode": "managed",
      "type": "aws_lb_target_group",
      "name": "tf-nifi-mgmt-target-tcp",
      "provider": "provider[\"registry.terraform.io/hashicorp/aws\"]",
      "instances": [
        {
          "schema_version": 0,
          "attributes": {
            "arn": "arn:aws:elasticloadbalancing:us-east-1:120676070830:targetgroup/nifi-mgmt-2170-pjnax/513238c01cee3f4d",
            "arn_suffix": "targetgroup/nifi-mgmt-2170-pjnax/513238c01cee3f4d",
            "connection_termination": false,
            "deregistration_delay": "10",
            "health_check": [
              {
                "enabled": true,
                "healthy_threshold": 3,
                "interval": 10,
                "matcher": "",
                "path": "",
                "port": "traffic-port",
                "protocol": "TCP",
                "timeout": 10,
                "unhealthy_threshold": 3
              }
            ],
            "id": "arn:aws:elasticloadbalancing:us-east-1:120676070830:targetgroup/nifi-mgmt-2170-pjnax/513238c01cee3f4d",
            "ip_address_type": "ipv4",
            "lambda_multi_value_headers_enabled": false,
            "load_balancing_algorithm_type": null,
            "load_balancing_cross_zone_enabled": "use_load_balancer_configuration",
            "name": "nifi-mgmt-2170-pjnax",
            "name_prefix": null,
            "port": 2170,
            "preserve_client_ip": "true",
            "protocol": "TCP",
            "protocol_version": null,
            "proxy_protocol_v2": false,
            "slow_start": 0,
            "stickiness": [
              {
                "cookie_duration": 0,
                "cookie_name": "",
                "enabled": true,
                "type": "source_ip"
              }
            ],
            "tags": {},
            "tags_all": {
              "data_center": "eu-west-3",
              "environment": "prod",
              "location": "france",
              "project": "datalake",
              "role_owner": "datalake_devops_corp"
            },
            "target_failover": [
              {
                "on_deregistration": null,
                "on_unhealthy": null
              }
            ],
            "target_type": "instance",
            "vpc_id": "vpc-0ac616352e5348ec9"
          },
          "sensitive_attributes": [],
          "private": "bnVsbA==",
          "dependencies": [
            "aws_vpc.tf-nifi-vpc",
            "random_string.tf-nifi-random"
          ],
          "create_before_destroy": true
        }
      ]
    },
    {
      "mode": "managed",
      "type": "aws_lb_target_group",
      "name": "tf-nifi-service-target-tcp",
      "provider": "provider[\"registry.terraform.io/hashicorp/aws\"]",
      "instances": [
        {
          "index_key": 0,
          "schema_version": 0,
          "attributes": {
            "arn": "arn:aws:elasticloadbalancing:us-east-1:120676070830:targetgroup/nifi-tcp-17070-pjnax/d4926c502929a299",
            "arn_suffix": "targetgroup/nifi-tcp-17070-pjnax/d4926c502929a299",
            "connection_termination": false,
            "deregistration_delay": "10",
            "health_check": [
              {
                "enabled": true,
                "healthy_threshold": 3,
                "interval": 10,
                "matcher": "",
                "path": "",
                "port": "traffic-port",
                "protocol": "TCP",
                "timeout": 10,
                "unhealthy_threshold": 3
              }
            ],
            "id": "arn:aws:elasticloadbalancing:us-east-1:120676070830:targetgroup/nifi-tcp-17070-pjnax/d4926c502929a299",
            "ip_address_type": "ipv4",
            "lambda_multi_value_headers_enabled": false,
            "load_balancing_algorithm_type": null,
            "load_balancing_cross_zone_enabled": "use_load_balancer_configuration",
            "name": "nifi-tcp-17070-pjnax",
            "name_prefix": null,
            "port": 17070,
            "preserve_client_ip": "true",
            "protocol": "TCP",
            "protocol_version": null,
            "proxy_protocol_v2": false,
            "slow_start": 0,
            "stickiness": [
              {
                "cookie_duration": 0,
                "cookie_name": "",
                "enabled": false,
                "type": "source_ip"
              }
            ],
            "tags": {},
            "tags_all": {
              "data_center": "eu-west-3",
              "environment": "prod",
              "location": "france",
              "project": "datalake",
              "role_owner": "datalake_devops_corp"
            },
            "target_failover": [
              {
                "on_deregistration": null,
                "on_unhealthy": null
              }
            ],
            "target_type": "instance",
            "vpc_id": "vpc-0ac616352e5348ec9"
          },
          "sensitive_attributes": [],
          "private": "bnVsbA==",
          "dependencies": [
            "aws_vpc.tf-nifi-vpc",
            "random_string.tf-nifi-random"
          ],
          "create_before_destroy": true
        },
        {
          "index_key": 1,
          "schema_version": 0,
          "attributes": {
            "arn": "arn:aws:elasticloadbalancing:us-east-1:120676070830:targetgroup/nifi-tcp-9092-pjnax/4ec63336b905508e",
            "arn_suffix": "targetgroup/nifi-tcp-9092-pjnax/4ec63336b905508e",
            "connection_termination": false,
            "deregistration_delay": "10",
            "health_check": [
              {
                "enabled": true,
                "healthy_threshold": 3,
                "interval": 10,
                "matcher": "",
                "path": "",
                "port": "traffic-port",
                "protocol": "TCP",
                "timeout": 10,
                "unhealthy_threshold": 3
              }
            ],
            "id": "arn:aws:elasticloadbalancing:us-east-1:120676070830:targetgroup/nifi-tcp-9092-pjnax/4ec63336b905508e",
            "ip_address_type": "ipv4",
            "lambda_multi_value_headers_enabled": false,
            "load_balancing_algorithm_type": null,
            "load_balancing_cross_zone_enabled": "use_load_balancer_configuration",
            "name": "nifi-tcp-9092-pjnax",
            "name_prefix": null,
            "port": 9092,
            "preserve_client_ip": "true",
            "protocol": "TCP",
            "protocol_version": null,
            "proxy_protocol_v2": false,
            "slow_start": 0,
            "stickiness": [
              {
                "cookie_duration": 0,
                "cookie_name": "",
                "enabled": false,
                "type": "source_ip"
              }
            ],
            "tags": {},
            "tags_all": {
              "data_center": "eu-west-3",
              "environment": "prod",
              "location": "france",
              "project": "datalake",
              "role_owner": "datalake_devops_corp"
            },
            "target_failover": [
              {
                "on_deregistration": null,
                "on_unhealthy": null
              }
            ],
            "target_type": "instance",
            "vpc_id": "vpc-0ac616352e5348ec9"
          },
          "sensitive_attributes": [],
          "private": "bnVsbA==",
          "dependencies": [
            "aws_vpc.tf-nifi-vpc",
            "random_string.tf-nifi-random"
          ],
          "create_before_destroy": true
        }
      ]
    },
    {
      "mode": "managed",
      "type": "aws_lb_target_group",
      "name": "tf-nifi-zk-target-tcp",
      "provider": "provider[\"registry.terraform.io/hashicorp/aws\"]",
      "instances": [
        {
          "schema_version": 0,
          "attributes": {
            "arn": "arn:aws:elasticloadbalancing:us-east-1:120676070830:targetgroup/nifi-zk-2170-pjnax/46f1806631cad8af",
            "arn_suffix": "targetgroup/nifi-zk-2170-pjnax/46f1806631cad8af",
            "connection_termination": false,
            "deregistration_delay": "10",
            "health_check": [
              {
                "enabled": true,
                "healthy_threshold": 3,
                "interval": 10,
                "matcher": "",
                "path": "",
                "port": "traffic-port",
                "protocol": "TCP",
                "timeout": 10,
                "unhealthy_threshold": 3
              }
            ],
            "id": "arn:aws:elasticloadbalancing:us-east-1:120676070830:targetgroup/nifi-zk-2170-pjnax/46f1806631cad8af",
            "ip_address_type": "ipv4",
            "lambda_multi_value_headers_enabled": false,
            "load_balancing_algorithm_type": null,
            "load_balancing_cross_zone_enabled": "use_load_balancer_configuration",
            "name": "nifi-zk-2170-pjnax",
            "name_prefix": null,
            "port": 2173,
            "preserve_client_ip": "true",
            "protocol": "TCP",
            "protocol_version": null,
            "proxy_protocol_v2": false,
            "slow_start": 0,
            "stickiness": [
              {
                "cookie_duration": 0,
                "cookie_name": "",
                "enabled": true,
                "type": "source_ip"
              }
            ],
            "tags": {},
            "tags_all": {
              "data_center": "eu-west-3",
              "environment": "prod",
              "location": "france",
              "project": "datalake",
              "role_owner": "datalake_devops_corp"
            },
            "target_failover": [
              {
                "on_deregistration": null,
                "on_unhealthy": null
              }
            ],
            "target_type": "instance",
            "vpc_id": "vpc-0ac616352e5348ec9"
          },
          "sensitive_attributes": [],
          "private": "bnVsbA==",
          "dependencies": [
            "aws_vpc.tf-nifi-vpc",
            "random_string.tf-nifi-random"
          ],
          "create_before_destroy": true
        }
      ]
    },
    {
      "mode": "managed",
      "type": "aws_route53_zone",
      "name": "tf-nifi-r53-zone",
      "provider": "provider[\"registry.terraform.io/hashicorp/aws\"]",
      "instances": [
        {
          "schema_version": 0,
          "attributes": {
            "arn": "arn:aws:route53:::hostedzone/Z02666492213KP2S0BW1C",
            "comment": "Managed by Terraform",
            "delegation_set_id": "",
            "force_destroy": true,
            "id": "Z02666492213KP2S0BW1C",
            "name": "nifipjnax.internal",
            "name_servers": [
              "ns-0.awsdns-00.com.",
              "ns-1024.awsdns-00.org.",
              "ns-1536.awsdns-00.co.uk.",
              "ns-512.awsdns-00.net."
            ],
            "primary_name_server": "ns-0.awsdns-00.com.",
            "tags": {},
            "tags_all": {
              "data_center": "eu-west-3",
              "environment": "prod",
              "location": "france",
              "project": "datalake",
              "role_owner": "datalake_devops_corp"
            },
            "vpc": [
              {
                "vpc_id": "vpc-0ac616352e5348ec9",
                "vpc_region": "us-east-1"
              }
            ],
            "zone_id": "Z02666492213KP2S0BW1C"
          },
          "sensitive_attributes": [],
          "private": "bnVsbA==",
          "dependencies": [
            "aws_vpc.tf-nifi-vpc",
            "random_string.tf-nifi-random"
          ],
          "create_before_destroy": true
        }
      ]
    },
    {
      "mode": "managed",
      "type": "aws_s3_bucket",
      "name": "tf-nifi-bucket",
      "provider": "provider[\"registry.terraform.io/hashicorp/aws\"]",
      "instances": [
        {
          "schema_version": 0,
          "attributes": {
            "acceleration_status": "",
            "acl": null,
            "arn": "arn:aws:s3:::nifi-bucket-pjnax",
            "bucket": "nifi-bucket-pjnax",
            "bucket_domain_name": "nifi-bucket-pjnax.s3.amazonaws.com",
            "bucket_prefix": "",
            "bucket_regional_domain_name": "nifi-bucket-pjnax.s3.us-east-1.amazonaws.com",
            "cors_rule": [],
            "force_destroy": true,
            "grant": [
              {
                "id": "e8424cc182f30535ad2a6085cf5f829fe958d323840d7b638f634c9ff49e16d9",
                "permissions": [
                  "FULL_CONTROL"
                ],
                "type": "CanonicalUser",
                "uri": ""
              }
            ],
            "hosted_zone_id": "Z3AQBSTGFYJSTF",
            "id": "nifi-bucket-pjnax",
            "lifecycle_rule": [],
            "logging": [],
            "object_lock_configuration": [],
            "object_lock_enabled": false,
            "policy": "{\"Statement\":[{\"Action\":\"s3:*\",\"Effect\":\"Allow\",\"Principal\":{\"AWS\":\"arn:aws:iam::120676070830:user/Administrator\"},\"Resource\":[\"arn:aws:s3:::nifi-bucket-pjnax/*\",\"arn:aws:s3:::nifi-bucket-pjnax\"],\"Sid\":\"KMS Manager\"},{\"Action\":[\"s3:ListBucketMultipartUploads\",\"s3:ListBucket\"],\"Effect\":\"Allow\",\"Principal\":{\"AWS\":[\"arn:aws:sts::120676070830:assumed-role/nifi-iam-role-lambda-getnifi-pjnax/nifi-lambda-getnifi-pjnax\",\"arn:aws:iam::120676070830:role/nifi-instance-role-pjnax\",\"arn:aws:sts::120676070830:assumed-role/nifi-iam-role-lambda-certs-pjnax/nifi-lambda-certs-pjnax\"]},\"Resource\":[\"arn:aws:s3:::nifi-bucket-pjnax/nifi/*\",\"arn:aws:s3:::nifi-bucket-pjnax\"],\"Sid\":\"Instance Lambda getnifi Lambda certs List\"},{\"Action\":[\"s3:GetObjectVersion\",\"s3:GetObject\"],\"Effect\":\"Allow\",\"Principal\":{\"AWS\":\"arn:aws:iam::120676070830:role/nifi-instance-role-pjnax\"},\"Resource\":[\"arn:aws:s3:::nifi-bucket-pjnax/nifi/*\",\"arn:aws:s3:::nifi-bucket-pjnax\"],\"Sid\":\"Instance Get\"},{\"Action\":[\"s3:PutObjectAcl\",\"s3:PutObject\"],\"Effect\":\"Allow\",\"Principal\":{\"AWS\":\"arn:aws:iam::120676070830:role/nifi-instance-role-pjnax\"},\"Resource\":[\"arn:aws:s3:::nifi-bucket-pjnax/ssm/*\",\"arn:aws:s3:::nifi-bucket-pjnax/nifi/*\"],\"Sid\":\"Instance Put\"},{\"Action\":[\"s3:PutObjectAcl\",\"s3:PutObject\",\"s3:AbortMultipartUpload\"],\"Effect\":\"Allow\",\"Principal\":{\"AWS\":\"arn:aws:sts::120676070830:assumed-role/nifi-iam-role-lambda-getnifi-pjnax/nifi-lambda-getnifi-pjnax\"},\"Resource\":\"arn:aws:s3:::nifi-bucket-pjnax/nifi/downloads/*\",\"Sid\":\"Lambda getnifi Put\"},{\"Action\":[\"s3:PutObjectAcl\",\"s3:PutObject\",\"s3:AbortMultipartUpload\"],\"Effect\":\"Allow\",\"Principal\":{\"AWS\":\"arn:aws:sts::120676070830:assumed-role/nifi-iam-role-lambda-certs-pjnax/nifi-lambda-certs-pjnax\"},\"Resource\":\"arn:aws:s3:::nifi-bucket-pjnax/nifi/certificates/*\",\"Sid\":\"Lambda certs Put\"},{\"Action\":[\"s3:GetObjectAcl\",\"s3:GetObject\"],\"Effect\":\"Allow\",\"Principal\":{\"AWS\":\"arn:aws:sts::120676070830:assumed-role/nifi-iam-role-lambda-health-pjnax/nifi-lambda-health-pjnax\"},\"Resource\":[\"arn:aws:s3:::nifi-bucket-pjnax/nifi/certificates/admin/private_key.key\",\"arn:aws:s3:::nifi-bucket-pjnax/nifi/certificates/admin/admin_cert.pem\"],\"Sid\":\"Lambda health Get\"}],\"Version\":\"2012-10-17\"}",
            "region": "us-east-1",
            "replication_configuration": [],
            "request_payer": "BucketOwner",
            "server_side_encryption_configuration": [
              {
                "rule": [
                  {
                    "apply_server_side_encryption_by_default": [
                      {
                        "kms_master_key_id": "arn:aws:kms:us-east-1:120676070830:key/0fe16f9b-1855-4c56-a568-b47888445abf",
                        "sse_algorithm": "aws:kms"
                      }
                    ],
                    "bucket_key_enabled": false
                  }
                ]
              }
            ],
            "tags": {},
            "tags_all": {
              "data_center": "eu-west-3",
              "environment": "prod",
              "location": "france",
              "project": "datalake",
              "role_owner": "datalake_devops_corp"
            },
            "timeouts": null,
            "versioning": [
              {
                "enabled": true,
                "mfa_delete": false
              }
            ],
            "website": [],
            "website_domain": null,
            "website_endpoint": null
          },
          "sensitive_attributes": [],
          "private": "eyJlMmJmYjczMC1lY2FhLTExZTYtOGY4OC0zNDM2M2JjN2M0YzAiOnsiY3JlYXRlIjoxMjAwMDAwMDAwMDAwLCJkZWxldGUiOjM2MDAwMDAwMDAwMDAsInJlYWQiOjEyMDAwMDAwMDAwMDAsInVwZGF0ZSI6MTIwMDAwMDAwMDAwMH19",
          "dependencies": [
            "random_string.tf-nifi-random"
          ],
          "create_before_destroy": true
        }
      ]
    },
    {
      "mode": "managed",
      "type": "aws_security_group",
      "name": "tf-nifi-prisg",
      "provider": "provider[\"registry.terraform.io/hashicorp/aws\"]",
      "instances": [
        {
          "schema_version": 1,
          "attributes": {
            "arn": "arn:aws:ec2:us-east-1:120676070830:security-group/sg-0b54dabeb4de89861",
            "description": "Security group for private traffic",
            "egress": [
              {
                "cidr_blocks": [
                  "0.0.0.0/0"
                ],
                "description": "OUT TO PUB PRI NAT - HTTPS NIFI",
                "from_port": 2170,
                "ipv6_cidr_blocks": [],
                "prefix_list_ids": [],
                "protocol": "tcp",
                "security_groups": [],
                "self": false,
                "to_port": 2170
              },
              {
                "cidr_blocks": [
                  "0.0.0.0/0"
                ],
                "description": "OUT TO PUB PRI NAT - ZK NIFI",
                "from_port": 2173,
                "ipv6_cidr_blocks": [],
                "prefix_list_ids": [],
                "protocol": "tcp",
                "security_groups": [],
                "self": false,
                "to_port": 2173
              },
              {
                "cidr_blocks": [
                  "0.0.0.0/0"
                ],
                "description": "OUT TO WORLD - HTTP",
                "from_port": 80,
                "ipv6_cidr_blocks": [],
                "prefix_list_ids": [],
                "protocol": "tcp",
                "security_groups": [],
                "self": false,
                "to_port": 80
              },
              {
                "cidr_blocks": [
                  "0.0.0.0/0"
                ],
                "description": "OUT TO WORLD - HTTPS",
                "from_port": 443,
                "ipv6_cidr_blocks": [],
                "prefix_list_ids": [],
                "protocol": "tcp",
                "security_groups": [],
                "self": false,
                "to_port": 443
              },
              {
                "cidr_blocks": [
                  "0.0.0.0/0"
                ],
                "description": "OUT TO WORLD - Registry",
                "from_port": 17070,
                "ipv6_cidr_blocks": [],
                "prefix_list_ids": [],
                "protocol": "tcp",
                "security_groups": [],
                "self": false,
                "to_port": 17070
              },
              {
                "cidr_blocks": [],
                "description": "OUT TO SELF - SELF PORTS",
                "from_port": 2171,
                "ipv6_cidr_blocks": [],
                "prefix_list_ids": [],
                "protocol": "tcp",
                "security_groups": [],
                "self": true,
                "to_port": 2177
              },
              {
                "cidr_blocks": [],
                "description": "OUT TO SELF - WEB PORT SG",
                "from_port": 2170,
                "ipv6_cidr_blocks": [],
                "prefix_list_ids": [],
                "protocol": "tcp",
                "security_groups": [],
                "self": true,
                "to_port": 2170
              }
            ],
            "id": "sg-0b54dabeb4de89861",
            "ingress": [
              {
                "cidr_blocks": [
                  "0.0.0.0/0",
                  "10.10.10.0/28",
                  "10.10.10.16/28",
                  "10.10.10.32/28",
                  "10.10.10.64/26",
                  "10.10.10.128/26",
                  "10.10.10.192/26",
                  "100.25.254.1/32",
                  "18.235.5.97/32",
                  "18.214.30.115/32"
                ],
                "description": "IN FROM PUB PRI NAT - HTTPS NIFI",
                "from_port": 2170,
                "ipv6_cidr_blocks": [],
                "prefix_list_ids": [],
                "protocol": "tcp",
                "security_groups": [],
                "self": false,
                "to_port": 2170
              },
              {
                "cidr_blocks": [
                  "0.0.0.0/0"
                ],
                "description": "IN FROM SERVICE - TCP 17070",
                "from_port": 17070,
                "ipv6_cidr_blocks": [],
                "prefix_list_ids": [],
                "protocol": "tcp",
                "security_groups": [],
                "self": false,
                "to_port": 17070
              },
              {
                "cidr_blocks": [
                  "10.10.10.0/28",
                  "10.10.10.16/28",
                  "10.10.10.32/28",
                  "10.10.10.64/26",
                  "10.10.10.128/26",
                  "10.10.10.192/26",
                  "100.25.254.1/32",
                  "18.235.5.97/32",
                  "18.214.30.115/32"
                ],
                "description": "IN FROM PUB PRI NAT - ZK NIFI",
                "from_port": 2173,
                "ipv6_cidr_blocks": [],
                "prefix_list_ids": [],
                "protocol": "tcp",
                "security_groups": [],
                "self": false,
                "to_port": 2173
              },
              {
                "cidr_blocks": [
                  "10.10.10.0/28",
                  "10.10.10.16/28",
                  "10.10.10.32/28",
                  "10.10.10.64/26",
                  "10.10.10.128/26",
                  "10.10.10.192/26"
                ],
                "description": "IN FROM SERVICE - TCP 17070",
                "from_port": 17070,
                "ipv6_cidr_blocks": [],
                "prefix_list_ids": [],
                "protocol": "tcp",
                "security_groups": [],
                "self": false,
                "to_port": 17070
              },
              {
                "cidr_blocks": [
                  "10.10.10.0/28",
                  "10.10.10.16/28",
                  "10.10.10.32/28",
                  "10.10.10.64/26",
                  "10.10.10.128/26",
                  "10.10.10.192/26"
                ],
                "description": "IN FROM SERVICE - TCP 9092",
                "from_port": 9092,
                "ipv6_cidr_blocks": [],
                "prefix_list_ids": [],
                "protocol": "tcp",
                "security_groups": [],
                "self": false,
                "to_port": 9092
              },
              {
                "cidr_blocks": [],
                "description": "IN FROM SELF - SELF PORTS",
                "from_port": 2171,
                "ipv6_cidr_blocks": [],
                "prefix_list_ids": [],
                "protocol": "tcp",
                "security_groups": [],
                "self": true,
                "to_port": 2177
              },
              {
                "cidr_blocks": [],
                "description": "IN FROM SELF - WEB PORT SG",
                "from_port": 2170,
                "ipv6_cidr_blocks": [],
                "prefix_list_ids": [],
                "protocol": "tcp",
                "security_groups": [],
                "self": true,
                "to_port": 2170
              }
            ],
            "name": "nifi-pri-sg-pjnax",
            "name_prefix": "",
            "owner_id": "120676070830",
            "revoke_rules_on_delete": false,
            "tags": {
              "Name": "tf-nifi-prisg"
            },
            "tags_all": {
              "Name": "tf-nifi-prisg",
              "data_center": "eu-west-3",
              "environment": "prod",
              "location": "france",
              "project": "datalake",
              "role_owner": "datalake_devops_corp"
            },
            "timeouts": null,
            "vpc_id": "vpc-0ac616352e5348ec9"
          },
          "sensitive_attributes": [],
          "private": "eyJlMmJmYjczMC1lY2FhLTExZTYtOGY4OC0zNDM2M2JjN2M0YzAiOnsiY3JlYXRlIjo2MDAwMDAwMDAwMDAsImRlbGV0ZSI6OTAwMDAwMDAwMDAwfSwic2NoZW1hX3ZlcnNpb24iOiIxIn0=",
          "dependencies": [
            "aws_vpc.tf-nifi-vpc",
            "random_string.tf-nifi-random"
          ],
          "create_before_destroy": true
        }
      ]
    },
    {
      "mode": "managed",
      "type": "aws_subnet",
      "name": "tf-nifi-prinet1",
      "provider": "provider[\"registry.terraform.io/hashicorp/aws\"]",
      "instances": [
        {
          "schema_version": 1,
          "attributes": {
            "arn": "arn:aws:ec2:us-east-1:120676070830:subnet/subnet-0486ee38640736480",
            "assign_ipv6_address_on_creation": false,
            "availability_zone": "us-east-1a",
            "availability_zone_id": "use1-az4",
            "cidr_block": "10.10.10.64/26",
            "customer_owned_ipv4_pool": "",
            "enable_dns64": false,
            "enable_lni_at_device_index": 0,
            "enable_resource_name_dns_a_record_on_launch": false,
            "enable_resource_name_dns_aaaa_record_on_launch": false,
            "id": "subnet-0486ee38640736480",
            "ipv6_cidr_block": "",
            "ipv6_cidr_block_association_id": "",
            "ipv6_native": false,
            "map_customer_owned_ip_on_launch": false,
            "map_public_ip_on_launch": false,
            "outpost_arn": "",
            "owner_id": "120676070830",
            "private_dns_hostname_type_on_launch": "ip-name",
            "tags": {
              "Name": "nifi-pri-net-1-pjnax"
            },
            "tags_all": {
              "Name": "nifi-pri-net-1-pjnax",
              "data_center": "eu-west-3",
              "environment": "prod",
              "location": "france",
              "project": "datalake",
              "role_owner": "datalake_devops_corp"
            },
            "timeouts": null,
            "vpc_id": "vpc-0ac616352e5348ec9"
          },
          "sensitive_attributes": [],
          "private": "eyJlMmJmYjczMC1lY2FhLTExZTYtOGY4OC0zNDM2M2JjN2M0YzAiOnsiY3JlYXRlIjo2MDAwMDAwMDAwMDAsImRlbGV0ZSI6MTIwMDAwMDAwMDAwMH0sInNjaGVtYV92ZXJzaW9uIjoiMSJ9",
          "dependencies": [
            "aws_vpc.tf-nifi-vpc",
            "data.aws_availability_zones.tf-nifi-azs",
            "random_string.tf-nifi-random"
          ],
          "create_before_destroy": true
        }
      ]
    },
    {
      "mode": "managed",
      "type": "aws_subnet",
      "name": "tf-nifi-prinet2",
      "provider": "provider[\"registry.terraform.io/hashicorp/aws\"]",
      "instances": [
        {
          "schema_version": 1,
          "attributes": {
            "arn": "arn:aws:ec2:us-east-1:120676070830:subnet/subnet-0746df874debc74d2",
            "assign_ipv6_address_on_creation": false,
            "availability_zone": "us-east-1b",
            "availability_zone_id": "use1-az6",
            "cidr_block": "10.10.10.128/26",
            "customer_owned_ipv4_pool": "",
            "enable_dns64": false,
            "enable_lni_at_device_index": 0,
            "enable_resource_name_dns_a_record_on_launch": false,
            "enable_resource_name_dns_aaaa_record_on_launch": false,
            "id": "subnet-0746df874debc74d2",
            "ipv6_cidr_block": "",
            "ipv6_cidr_block_association_id": "",
            "ipv6_native": false,
            "map_customer_owned_ip_on_launch": false,
            "map_public_ip_on_launch": false,
            "outpost_arn": "",
            "owner_id": "120676070830",
            "private_dns_hostname_type_on_launch": "ip-name",
            "tags": {
              "Name": "nifi-pri-net-2-pjnax"
            },
            "tags_all": {
              "Name": "nifi-pri-net-2-pjnax",
              "data_center": "eu-west-3",
              "environment": "prod",
              "location": "france",
              "project": "datalake",
              "role_owner": "datalake_devops_corp"
            },
            "timeouts": null,
            "vpc_id": "vpc-0ac616352e5348ec9"
          },
          "sensitive_attributes": [],
          "private": "eyJlMmJmYjczMC1lY2FhLTExZTYtOGY4OC0zNDM2M2JjN2M0YzAiOnsiY3JlYXRlIjo2MDAwMDAwMDAwMDAsImRlbGV0ZSI6MTIwMDAwMDAwMDAwMH0sInNjaGVtYV92ZXJzaW9uIjoiMSJ9",
          "dependencies": [
            "aws_vpc.tf-nifi-vpc",
            "data.aws_availability_zones.tf-nifi-azs",
            "random_string.tf-nifi-random"
          ],
          "create_before_destroy": true
        }
      ]
    },
    {
      "mode": "managed",
      "type": "aws_subnet",
      "name": "tf-nifi-prinet3",
      "provider": "provider[\"registry.terraform.io/hashicorp/aws\"]",
      "instances": [
        {
          "schema_version": 1,
          "attributes": {
            "arn": "arn:aws:ec2:us-east-1:120676070830:subnet/subnet-033ca9ac15c0bd994",
            "assign_ipv6_address_on_creation": false,
            "availability_zone": "us-east-1c",
            "availability_zone_id": "use1-az1",
            "cidr_block": "10.10.10.192/26",
            "customer_owned_ipv4_pool": "",
            "enable_dns64": false,
            "enable_lni_at_device_index": 0,
            "enable_resource_name_dns_a_record_on_launch": false,
            "enable_resource_name_dns_aaaa_record_on_launch": false,
            "id": "subnet-033ca9ac15c0bd994",
            "ipv6_cidr_block": "",
            "ipv6_cidr_block_association_id": "",
            "ipv6_native": false,
            "map_customer_owned_ip_on_launch": false,
            "map_public_ip_on_launch": false,
            "outpost_arn": "",
            "owner_id": "120676070830",
            "private_dns_hostname_type_on_launch": "ip-name",
            "tags": {
              "Name": "nifi-pri-net-3-pjnax"
            },
            "tags_all": {
              "Name": "nifi-pri-net-3-pjnax",
              "data_center": "eu-west-3",
              "environment": "prod",
              "location": "france",
              "project": "datalake",
              "role_owner": "datalake_devops_corp"
            },
            "timeouts": null,
            "vpc_id": "vpc-0ac616352e5348ec9"
          },
          "sensitive_attributes": [],
          "private": "eyJlMmJmYjczMC1lY2FhLTExZTYtOGY4OC0zNDM2M2JjN2M0YzAiOnsiY3JlYXRlIjo2MDAwMDAwMDAwMDAsImRlbGV0ZSI6MTIwMDAwMDAwMDAwMH0sInNjaGVtYV92ZXJzaW9uIjoiMSJ9",
          "dependencies": [
            "aws_vpc.tf-nifi-vpc",
            "data.aws_availability_zones.tf-nifi-azs",
            "random_string.tf-nifi-random"
          ],
          "create_before_destroy": true
        }
      ]
    },
    {
      "mode": "managed",
      "type": "aws_vpc",
      "name": "tf-nifi-vpc",
      "provider": "provider[\"registry.terraform.io/hashicorp/aws\"]",
      "instances": [
        {
          "schema_version": 1,
          "attributes": {
            "arn": "arn:aws:ec2:us-east-1:120676070830:vpc/vpc-0ac616352e5348ec9",
            "assign_generated_ipv6_cidr_block": false,
            "cidr_block": "10.10.10.0/24",
            "default_network_acl_id": "acl-0d53bd9d942479da7",
            "default_route_table_id": "rtb-0b22f14c878e27f46",
            "default_security_group_id": "sg-0c25d442a24875982",
            "dhcp_options_id": "dopt-066371507f1ef594c",
            "enable_dns_hostnames": true,
            "enable_dns_support": true,
            "enable_network_address_usage_metrics": false,
            "id": "vpc-0ac616352e5348ec9",
            "instance_tenancy": "default",
            "ipv4_ipam_pool_id": null,
            "ipv4_netmask_length": null,
            "ipv6_association_id": "",
            "ipv6_cidr_block": "",
            "ipv6_cidr_block_network_border_group": "",
            "ipv6_ipam_pool_id": "",
            "ipv6_netmask_length": 0,
            "main_route_table_id": "rtb-0b22f14c878e27f46",
            "owner_id": "120676070830",
            "tags": {
              "Name": "nifi-vpc-pjnax"
            },
            "tags_all": {
              "Name": "nifi-vpc-pjnax",
              "data_center": "eu-west-3",
              "environment": "prod",
              "location": "france",
              "project": "datalake",
              "role_owner": "datalake_devops_corp"
            }
          },
          "sensitive_attributes": [],
          "private": "eyJzY2hlbWFfdmVyc2lvbiI6IjEifQ==",
          "dependencies": [
            "random_string.tf-nifi-random"
          ],
          "create_before_destroy": true
        }
      ]
    },
    {
      "mode": "managed",
      "type": "random_string",
      "name": "tf-nifi-random",
      "provider": "provider[\"registry.terraform.io/hashicorp/random\"]",
      "instances": [
        {
          "schema_version": 2,
          "attributes": {
            "id": "pjnax",
            "keepers": null,
            "length": 5,
            "lower": true,
            "min_lower": 0,
            "min_numeric": 0,
            "min_special": 0,
            "min_upper": 0,
            "number": true,
            "numeric": true,
            "override_special": null,
            "result": "pjnax",
            "special": false,
            "upper": false
          },
          "sensitive_attributes": [],
          "create_before_destroy": true
        }
      ]
    }
  ],
  "check_results": null
}
